
Microsoft Visual Studio Solution File, Format Version 11.00
# Visual Studio 2010
Project("{2150E333-8FDC-42A3-9474-1A3956D46DE8}") = "Workflow", "Workflow", "{3390969F-59BA-4B6C-BB97-C766FC49AA33}"
EndProject
Project("{2150E333-8FDC-42A3-9474-1A3956D46DE8}") = "Workflow Libraries", "Workflow Libraries", "{9C73EB9E-6586-4D22-9847-64CCDC277993}"
EndProject
Project("{2150E333-8FDC-42A3-9474-1A3956D46DE8}") = "Workflow Processors", "Workflow Processors", "{E0E7636B-533D-457C-8273-CCF6E429C337}"
EndProject
Project("{2150E333-8FDC-42A3-9474-1A3956D46DE8}") = "Workflow Test", "Workflow Test", "{8A652034-A19E-48C5-9A54-B9BD43E7BEFB}"
EndProject
Project("{FAE04EC0-301F-11D3-BF4B-00C04F79EFBC}") = "WFManager", "WFManager\WFManager.csproj", "{31895690-9116-4F8B-A161-AA9BE4634E8C}"
	ProjectSection(ProjectDependencies) = postProject
		{EFB76A31-3D03-4244-B8D7-378808F4E5A2} = {EFB76A31-3D03-4244-B8D7-378808F4E5A2}
		{A9C67C32-97BE-4BDA-BA39-56BE7AC5C829} = {A9C67C32-97BE-4BDA-BA39-56BE7AC5C829}
		{23FB9B49-D6DA-491F-BD0F-693766CACA70} = {23FB9B49-D6DA-491F-BD0F-693766CACA70}
		{E780834F-6278-4DD9-80EA-FC7C25361137} = {E780834F-6278-4DD9-80EA-FC7C25361137}
		{CC2D0E7B-0476-4D95-AAC9-5F903A095507} = {CC2D0E7B-0476-4D95-AAC9-5F903A095507}
		{05B392A0-1260-4BB1-9106-2C6B7F55E035} = {05B392A0-1260-4BB1-9106-2C6B7F55E035}
		{8D8D2AA1-C7F9-4AF0-93E8-94FF43C0D404} = {8D8D2AA1-C7F9-4AF0-93E8-94FF43C0D404}
		{EACD58AC-5525-4BA7-8290-32831ED57FED} = {EACD58AC-5525-4BA7-8290-32831ED57FED}
		{69559BB1-2F90-4BC4-8151-6398D455622E} = {69559BB1-2F90-4BC4-8151-6398D455622E}
		{BF8820B7-62EB-4203-8D31-171D8FF79A3B} = {BF8820B7-62EB-4203-8D31-171D8FF79A3B}
		{318972B9-0FD8-409A-BAB8-B8953564C50E} = {318972B9-0FD8-409A-BAB8-B8953564C50E}
		{33D0DDCF-9ACA-46C6-A76E-2D81B1E79B54} = {33D0DDCF-9ACA-46C6-A76E-2D81B1E79B54}
		{968C3DD8-21FC-46C0-AE69-70D5D1734A0F} = {968C3DD8-21FC-46C0-AE69-70D5D1734A0F}
		{A5AA70DA-8B23-492F-872A-C5E9F2A04C58} = {A5AA70DA-8B23-492F-872A-C5E9F2A04C58}
	EndProjectSection
EndProject
Project("{FAE04EC0-301F-11D3-BF4B-00C04F79EFBC}") = "WFProcessor", "WFProcessor\WFProcessor.csproj", "{B8F0DF87-A53E-4B9D-B572-05920FA5AC23}"
	ProjectSection(ProjectDependencies) = postProject
		{EFB76A31-3D03-4244-B8D7-378808F4E5A2} = {EFB76A31-3D03-4244-B8D7-378808F4E5A2}
		{A9C67C32-97BE-4BDA-BA39-56BE7AC5C829} = {A9C67C32-97BE-4BDA-BA39-56BE7AC5C829}
		{23FB9B49-D6DA-491F-BD0F-693766CACA70} = {23FB9B49-D6DA-491F-BD0F-693766CACA70}
		{E780834F-6278-4DD9-80EA-FC7C25361137} = {E780834F-6278-4DD9-80EA-FC7C25361137}
		{8D8D2AA1-C7F9-4AF0-93E8-94FF43C0D404} = {8D8D2AA1-C7F9-4AF0-93E8-94FF43C0D404}
		{EACD58AC-5525-4BA7-8290-32831ED57FED} = {EACD58AC-5525-4BA7-8290-32831ED57FED}
		{69559BB1-2F90-4BC4-8151-6398D455622E} = {69559BB1-2F90-4BC4-8151-6398D455622E}
		{BF8820B7-62EB-4203-8D31-171D8FF79A3B} = {BF8820B7-62EB-4203-8D31-171D8FF79A3B}
		{318972B9-0FD8-409A-BAB8-B8953564C50E} = {318972B9-0FD8-409A-BAB8-B8953564C50E}
		{33D0DDCF-9ACA-46C6-A76E-2D81B1E79B54} = {33D0DDCF-9ACA-46C6-A76E-2D81B1E79B54}
		{968C3DD8-21FC-46C0-AE69-70D5D1734A0F} = {968C3DD8-21FC-46C0-AE69-70D5D1734A0F}
		{A5AA70DA-8B23-492F-872A-C5E9F2A04C58} = {A5AA70DA-8B23-492F-872A-C5E9F2A04C58}
	EndProjectSection
EndProject
Project("{FAE04EC0-301F-11D3-BF4B-00C04F79EFBC}") = "SimpleTree", "Libraries\SimpleTree\SimpleTree.csproj", "{05B392A0-1260-4BB1-9106-2C6B7F55E035}"
EndProject
Project("{FAE04EC0-301F-11D3-BF4B-00C04F79EFBC}") = "DirectoryCopy", "Processors\DirectoryCopy\DirectoryCopy.csproj", "{A9C67C32-97BE-4BDA-BA39-56BE7AC5C829}"
	ProjectSection(ProjectDependencies) = postProject
		{23FB9B49-D6DA-491F-BD0F-693766CACA70} = {23FB9B49-D6DA-491F-BD0F-693766CACA70}
	EndProjectSection
EndProject
Project("{FAE04EC0-301F-11D3-BF4B-00C04F79EFBC}") = "ExeDllParser", "Processors\ExeDllParser\ExeDllParser.csproj", "{8D8D2AA1-C7F9-4AF0-93E8-94FF43C0D404}"
	ProjectSection(ProjectDependencies) = postProject
		{23FB9B49-D6DA-491F-BD0F-693766CACA70} = {23FB9B49-D6DA-491F-BD0F-693766CACA70}
	EndProjectSection
EndProject
Project("{FAE04EC0-301F-11D3-BF4B-00C04F79EFBC}") = "PdfFileParser", "Processors\PdfFileParser\PdfFileParser.csproj", "{EACD58AC-5525-4BA7-8290-32831ED57FED}"
	ProjectSection(ProjectDependencies) = postProject
		{23FB9B49-D6DA-491F-BD0F-693766CACA70} = {23FB9B49-D6DA-491F-BD0F-693766CACA70}
	EndProjectSection
EndProject
Project("{FAE04EC0-301F-11D3-BF4B-00C04F79EFBC}") = "PSTFileParser", "Processors\PSTFileParser\PSTFileParser.csproj", "{968C3DD8-21FC-46C0-AE69-70D5D1734A0F}"
	ProjectSection(ProjectDependencies) = postProject
		{23FB9B49-D6DA-491F-BD0F-693766CACA70} = {23FB9B49-D6DA-491F-BD0F-693766CACA70}
	EndProjectSection
EndProject
Project("{FAE04EC0-301F-11D3-BF4B-00C04F79EFBC}") = "PSTMsgAttachmentParser", "Processors\PSTMsgAttachmentParser\PSTMsgAttachmentParser.csproj", "{69559BB1-2F90-4BC4-8151-6398D455622E}"
	ProjectSection(ProjectDependencies) = postProject
		{23FB9B49-D6DA-491F-BD0F-693766CACA70} = {23FB9B49-D6DA-491F-BD0F-693766CACA70}
	EndProjectSection
EndProject
Project("{FAE04EC0-301F-11D3-BF4B-00C04F79EFBC}") = "PSTMsgParser", "Processors\PSTMsgParser\PSTMsgParser.csproj", "{A5AA70DA-8B23-492F-872A-C5E9F2A04C58}"
	ProjectSection(ProjectDependencies) = postProject
		{23FB9B49-D6DA-491F-BD0F-693766CACA70} = {23FB9B49-D6DA-491F-BD0F-693766CACA70}
	EndProjectSection
EndProject
Project("{FAE04EC0-301F-11D3-BF4B-00C04F79EFBC}") = "StructuredStorageFileParser", "Processors\StructuredStorageFileParser\StructuredStorageFileParser.csproj", "{BF8820B7-62EB-4203-8D31-171D8FF79A3B}"
	ProjectSection(ProjectDependencies) = postProject
		{23FB9B49-D6DA-491F-BD0F-693766CACA70} = {23FB9B49-D6DA-491F-BD0F-693766CACA70}
	EndProjectSection
EndProject
Project("{FAE04EC0-301F-11D3-BF4B-00C04F79EFBC}") = "TextExtractor", "Processors\TextExtractor\TextExtractor.csproj", "{33D0DDCF-9ACA-46C6-A76E-2D81B1E79B54}"
	ProjectSection(ProjectDependencies) = postProject
		{23FB9B49-D6DA-491F-BD0F-693766CACA70} = {23FB9B49-D6DA-491F-BD0F-693766CACA70}
	EndProjectSection
EndProject
Project("{FAE04EC0-301F-11D3-BF4B-00C04F79EFBC}") = "TextExtractorOcr", "Processors\TextExtractorOcr\TextExtractorOcr.csproj", "{EFB76A31-3D03-4244-B8D7-378808F4E5A2}"
	ProjectSection(ProjectDependencies) = postProject
		{23FB9B49-D6DA-491F-BD0F-693766CACA70} = {23FB9B49-D6DA-491F-BD0F-693766CACA70}
	EndProjectSection
EndProject
Project("{FAE04EC0-301F-11D3-BF4B-00C04F79EFBC}") = "WFFileType", "Processors\WFFileType\WFFileType.csproj", "{318972B9-0FD8-409A-BAB8-B8953564C50E}"
	ProjectSection(ProjectDependencies) = postProject
		{23FB9B49-D6DA-491F-BD0F-693766CACA70} = {23FB9B49-D6DA-491F-BD0F-693766CACA70}
	EndProjectSection
EndProject
Project("{FAE04EC0-301F-11D3-BF4B-00C04F79EFBC}") = "ZipFileParser", "Processors\ZipFileParser\ZipFileParser.csproj", "{E780834F-6278-4DD9-80EA-FC7C25361137}"
	ProjectSection(ProjectDependencies) = postProject
		{23FB9B49-D6DA-491F-BD0F-693766CACA70} = {23FB9B49-D6DA-491F-BD0F-693766CACA70}
	EndProjectSection
EndProject
Project("{FAE04EC0-301F-11D3-BF4B-00C04F79EFBC}") = "WFTest", "Test Projects\WFTest\WFTest.csproj", "{49AF6CA8-8345-42E8-BCC1-EA75FF88D210}"
	ProjectSection(ProjectDependencies) = postProject
		{23FB9B49-D6DA-491F-BD0F-693766CACA70} = {23FB9B49-D6DA-491F-BD0F-693766CACA70}
		{05B392A0-1260-4BB1-9106-2C6B7F55E035} = {05B392A0-1260-4BB1-9106-2C6B7F55E035}
	EndProjectSection
EndProject
Project("{FAE04EC0-301F-11D3-BF4B-00C04F79EFBC}") = "Pst2Eml", "Test Projects\Pst2Msg\Pst2Eml.csproj", "{6620EEBE-3816-4421-8BAE-4AA1F1EBA62A}"
	ProjectSection(ProjectDependencies) = postProject
		{23FB9B49-D6DA-491F-BD0F-693766CACA70} = {23FB9B49-D6DA-491F-BD0F-693766CACA70}
		{A5AA70DA-8B23-492F-872A-C5E9F2A04C58} = {A5AA70DA-8B23-492F-872A-C5E9F2A04C58}
	EndProjectSection
EndProject
Project("{FAE04EC0-301F-11D3-BF4B-00C04F79EFBC}") = "TextExtractorTest", "Test Projects\TextExtractorTest\TextExtractorTest.csproj", "{4D15BBC4-7BE8-428D-9CFB-60A502DB0007}"
EndProject
Project("{FAE04EC0-301F-11D3-BF4B-00C04F79EFBC}") = "RabbitMQTest", "Test Projects\RabbitMQTest\RabbitMQTest.csproj", "{7D331B75-25F3-48B3-BD89-E1287F74CD04}"
EndProject
Project("{FAE04EC0-301F-11D3-BF4B-00C04F79EFBC}") = "Archiver", "Processors\Archiver\Archiver.csproj", "{CC2D0E7B-0476-4D95-AAC9-5F903A095507}"
EndProject
Project("{FAE04EC0-301F-11D3-BF4B-00C04F79EFBC}") = "SearchDemo", "SearchDemo\SearchDemo.csproj", "{2EC42281-631A-4005-97B1-6224D9DDACFC}"
EndProject
Project("{2150E333-8FDC-42A3-9474-1A3956D46DE8}") = "Processor Management", "Processor Management", "{CA5E5E6F-36AA-4186-85C7-38F8CD281577}"
EndProject
Project("{2150E333-8FDC-42A3-9474-1A3956D46DE8}") = "Interfaces", "Interfaces", "{EC05B9B7-B29A-426B-ADA5-6EFE7694323C}"
EndProject
Project("{2150E333-8FDC-42A3-9474-1A3956D46DE8}") = "Data", "Data", "{96F23159-6F46-492A-ABA0-8E97B00556C3}"
EndProject
Project("{2150E333-8FDC-42A3-9474-1A3956D46DE8}") = "Services", "Services", "{2062883E-00AA-4F50-87DD-CEF6FC18C602}"
EndProject
Project("{FAE04EC0-301F-11D3-BF4B-00C04F79EFBC}") = "ProcessorControllerData", "ProcessorManagement\ProcessorControllerData\ProcessorControllerData.csproj", "{AD149B7B-76D0-47E8-B515-8C1535A97133}"
EndProject
Project("{FAE04EC0-301F-11D3-BF4B-00C04F79EFBC}") = "IProcessorController", "ProcessorManagement\IProcessorController\IProcessorController.csproj", "{5F160FC0-96C1-4E64-9A1B-FF3F2CD2563E}"
EndProject
Project("{FAE04EC0-301F-11D3-BF4B-00C04F79EFBC}") = "ProcessorController", "ProcessorManagement\ProcessorController\ProcessorController.csproj", "{763F9C63-066C-465B-BCBA-E9FF70120C8D}"
EndProject
Project("{2150E333-8FDC-42A3-9474-1A3956D46DE8}") = "Test", "Test", "{FE0F2536-B811-4190-AC56-3E5FAF3FDB80}"
EndProject
Project("{FAE04EC0-301F-11D3-BF4B-00C04F79EFBC}") = "ProcessorControllerTest", "ProcessorManagement\ProcessorControllerTest\ProcessorControllerTest.csproj", "{017A2A83-A162-481C-8E63-B16A5866D7C4}"
EndProject
Project("{2150E333-8FDC-42A3-9474-1A3956D46DE8}") = "Configuration Server", "Configuration Server", "{CBD15356-F170-4551-8DCA-BED784C95ECA}"
EndProject
Project("{2150E333-8FDC-42A3-9474-1A3956D46DE8}") = "Data", "Data", "{E306E93A-99FE-4B07-A481-7FD6F0353A44}"
EndProject
Project("{2150E333-8FDC-42A3-9474-1A3956D46DE8}") = "Interfaces", "Interfaces", "{19600594-641C-4300-A255-3A0ACD62F1CC}"
EndProject
Project("{2150E333-8FDC-42A3-9474-1A3956D46DE8}") = "Services", "Services", "{977F0E73-A202-4225-879F-C861233922E8}"
EndProject
Project("{FAE04EC0-301F-11D3-BF4B-00C04F79EFBC}") = "ConfigurationServer", "Configuration Server\ConfigurationServer\ConfigurationServer.csproj", "{880B3456-5C33-447A-A59E-EB43112D1A36}"
EndProject
Project("{FAE04EC0-301F-11D3-BF4B-00C04F79EFBC}") = "IConfigurationServer", "Configuration Server\IConfigurationServer\IConfigurationServer.csproj", "{0A008BBE-09BF-4D43-A66E-7F310531478B}"
EndProject
Project("{FAE04EC0-301F-11D3-BF4B-00C04F79EFBC}") = "ConfigurationServerData", "Configuration Server\ConfigurationServerData\ConfigurationServerData.csproj", "{50D583C3-E7F7-4127-A3C5-33F179D6AEA8}"
EndProject
Project("{FAE04EC0-301F-11D3-BF4B-00C04F79EFBC}") = "ProcessorManager", "ProcessorManagement\ProcessorManager\ProcessorManager.csproj", "{DF49E289-D88D-4985-9957-9CEA8D29C8A1}"
EndProject
Project("{2150E333-8FDC-42A3-9474-1A3956D46DE8}") = "Solution Items", "Solution Items", "{BF3D934B-7F17-4634-82CA-6D3C135F9B63}"
EndProject
Project("{FAE04EC0-301F-11D3-BF4B-00C04F79EFBC}") = "KRSrcWorkflow", "Libraries\KRSrcWorkflow\KRSrcWorkflow.csproj", "{23FB9B49-D6DA-491F-BD0F-693766CACA70}"
EndProject
Global
	GlobalSection(SolutionConfigurationPlatforms) = preSolution
		Debug|Any CPU = Debug|Any CPU
		Debug|Mixed Platforms = Debug|Mixed Platforms
		Debug|x86 = Debug|x86
		Debugx86|Any CPU = Debugx86|Any CPU
		Debugx86|Mixed Platforms = Debugx86|Mixed Platforms
		Debugx86|x86 = Debugx86|x86
		Release|Any CPU = Release|Any CPU
		Release|Mixed Platforms = Release|Mixed Platforms
		Release|x86 = Release|x86
		Releasex86|Any CPU = Releasex86|Any CPU
		Releasex86|Mixed Platforms = Releasex86|Mixed Platforms
		Releasex86|x86 = Releasex86|x86
	EndGlobalSection
	GlobalSection(ProjectConfigurationPlatforms) = postSolution
		{31895690-9116-4F8B-A161-AA9BE4634E8C}.Debug|Any CPU.ActiveCfg = Debug|Any CPU
		{31895690-9116-4F8B-A161-AA9BE4634E8C}.Debug|Any CPU.Build.0 = Debug|Any CPU
		{31895690-9116-4F8B-A161-AA9BE4634E8C}.Debug|Mixed Platforms.ActiveCfg = Debug|x86
		{31895690-9116-4F8B-A161-AA9BE4634E8C}.Debug|Mixed Platforms.Build.0 = Debug|x86
		{31895690-9116-4F8B-A161-AA9BE4634E8C}.Debug|x86.ActiveCfg = Debug|Any CPU
		{31895690-9116-4F8B-A161-AA9BE4634E8C}.Debug|x86.Build.0 = Debug|Any CPU
		{31895690-9116-4F8B-A161-AA9BE4634E8C}.Debugx86|Any CPU.ActiveCfg = Debugx86|Any CPU
		{31895690-9116-4F8B-A161-AA9BE4634E8C}.Debugx86|Any CPU.Build.0 = Debugx86|Any CPU
		{31895690-9116-4F8B-A161-AA9BE4634E8C}.Debugx86|Mixed Platforms.ActiveCfg = Debugx86|x86
		{31895690-9116-4F8B-A161-AA9BE4634E8C}.Debugx86|Mixed Platforms.Build.0 = Debugx86|x86
		{31895690-9116-4F8B-A161-AA9BE4634E8C}.Debugx86|x86.ActiveCfg = Debugx86|x86
		{31895690-9116-4F8B-A161-AA9BE4634E8C}.Debugx86|x86.Build.0 = Debugx86|x86
		{31895690-9116-4F8B-A161-AA9BE4634E8C}.Release|Any CPU.ActiveCfg = Release|Any CPU
		{31895690-9116-4F8B-A161-AA9BE4634E8C}.Release|Any CPU.Build.0 = Release|Any CPU
		{31895690-9116-4F8B-A161-AA9BE4634E8C}.Release|Mixed Platforms.ActiveCfg = Release|x86
		{31895690-9116-4F8B-A161-AA9BE4634E8C}.Release|Mixed Platforms.Build.0 = Release|x86
		{31895690-9116-4F8B-A161-AA9BE4634E8C}.Release|x86.ActiveCfg = Release|x86
		{31895690-9116-4F8B-A161-AA9BE4634E8C}.Release|x86.Build.0 = Release|x86
		{31895690-9116-4F8B-A161-AA9BE4634E8C}.Releasex86|Any CPU.ActiveCfg = Releasex86|Any CPU
		{31895690-9116-4F8B-A161-AA9BE4634E8C}.Releasex86|Any CPU.Build.0 = Releasex86|Any CPU
		{31895690-9116-4F8B-A161-AA9BE4634E8C}.Releasex86|Mixed Platforms.ActiveCfg = Releasex86|x86
		{31895690-9116-4F8B-A161-AA9BE4634E8C}.Releasex86|Mixed Platforms.Build.0 = Releasex86|x86
		{31895690-9116-4F8B-A161-AA9BE4634E8C}.Releasex86|x86.ActiveCfg = Releasex86|x86
		{31895690-9116-4F8B-A161-AA9BE4634E8C}.Releasex86|x86.Build.0 = Releasex86|x86
		{B8F0DF87-A53E-4B9D-B572-05920FA5AC23}.Debug|Any CPU.ActiveCfg = Debug|Any CPU
		{B8F0DF87-A53E-4B9D-B572-05920FA5AC23}.Debug|Any CPU.Build.0 = Debug|Any CPU
		{B8F0DF87-A53E-4B9D-B572-05920FA5AC23}.Debug|Mixed Platforms.ActiveCfg = Debug|x86
		{B8F0DF87-A53E-4B9D-B572-05920FA5AC23}.Debug|Mixed Platforms.Build.0 = Debug|x86
		{B8F0DF87-A53E-4B9D-B572-05920FA5AC23}.Debug|x86.ActiveCfg = Debug|Any CPU
		{B8F0DF87-A53E-4B9D-B572-05920FA5AC23}.Debug|x86.Build.0 = Debug|Any CPU
		{B8F0DF87-A53E-4B9D-B572-05920FA5AC23}.Debugx86|Any CPU.ActiveCfg = Debugx86|Any CPU
		{B8F0DF87-A53E-4B9D-B572-05920FA5AC23}.Debugx86|Any CPU.Build.0 = Debugx86|Any CPU
		{B8F0DF87-A53E-4B9D-B572-05920FA5AC23}.Debugx86|Mixed Platforms.ActiveCfg = Debugx86|x86
		{B8F0DF87-A53E-4B9D-B572-05920FA5AC23}.Debugx86|Mixed Platforms.Build.0 = Debugx86|x86
		{B8F0DF87-A53E-4B9D-B572-05920FA5AC23}.Debugx86|x86.ActiveCfg = Debugx86|x86
		{B8F0DF87-A53E-4B9D-B572-05920FA5AC23}.Debugx86|x86.Build.0 = Debugx86|x86
		{B8F0DF87-A53E-4B9D-B572-05920FA5AC23}.Release|Any CPU.ActiveCfg = Release|Any CPU
		{B8F0DF87-A53E-4B9D-B572-05920FA5AC23}.Release|Any CPU.Build.0 = Release|Any CPU
		{B8F0DF87-A53E-4B9D-B572-05920FA5AC23}.Release|Mixed Platforms.ActiveCfg = Release|x86
		{B8F0DF87-A53E-4B9D-B572-05920FA5AC23}.Release|Mixed Platforms.Build.0 = Release|x86
		{B8F0DF87-A53E-4B9D-B572-05920FA5AC23}.Release|x86.ActiveCfg = Release|x86
		{B8F0DF87-A53E-4B9D-B572-05920FA5AC23}.Release|x86.Build.0 = Release|x86
		{B8F0DF87-A53E-4B9D-B572-05920FA5AC23}.Releasex86|Any CPU.ActiveCfg = Releasex86|Any CPU
		{B8F0DF87-A53E-4B9D-B572-05920FA5AC23}.Releasex86|Any CPU.Build.0 = Releasex86|Any CPU
		{B8F0DF87-A53E-4B9D-B572-05920FA5AC23}.Releasex86|Mixed Platforms.ActiveCfg = Releasex86|x86
		{B8F0DF87-A53E-4B9D-B572-05920FA5AC23}.Releasex86|Mixed Platforms.Build.0 = Releasex86|x86
		{B8F0DF87-A53E-4B9D-B572-05920FA5AC23}.Releasex86|x86.ActiveCfg = Releasex86|x86
		{B8F0DF87-A53E-4B9D-B572-05920FA5AC23}.Releasex86|x86.Build.0 = Releasex86|x86
		{05B392A0-1260-4BB1-9106-2C6B7F55E035}.Debug|Any CPU.ActiveCfg = Debug|Any CPU
		{05B392A0-1260-4BB1-9106-2C6B7F55E035}.Debug|Any CPU.Build.0 = Debug|Any CPU
		{05B392A0-1260-4BB1-9106-2C6B7F55E035}.Debug|Mixed Platforms.ActiveCfg = Debug|x86
		{05B392A0-1260-4BB1-9106-2C6B7F55E035}.Debug|Mixed Platforms.Build.0 = Debug|x86
		{05B392A0-1260-4BB1-9106-2C6B7F55E035}.Debug|x86.ActiveCfg = Debug|Any CPU
		{05B392A0-1260-4BB1-9106-2C6B7F55E035}.Debug|x86.Build.0 = Debug|Any CPU
		{05B392A0-1260-4BB1-9106-2C6B7F55E035}.Debugx86|Any CPU.ActiveCfg = Debugx86|Any CPU
		{05B392A0-1260-4BB1-9106-2C6B7F55E035}.Debugx86|Any CPU.Build.0 = Debugx86|Any CPU
		{05B392A0-1260-4BB1-9106-2C6B7F55E035}.Debugx86|Mixed Platforms.ActiveCfg = Debugx86|x86
		{05B392A0-1260-4BB1-9106-2C6B7F55E035}.Debugx86|Mixed Platforms.Build.0 = Debugx86|x86
		{05B392A0-1260-4BB1-9106-2C6B7F55E035}.Debugx86|x86.ActiveCfg = Debugx86|x86
		{05B392A0-1260-4BB1-9106-2C6B7F55E035}.Debugx86|x86.Build.0 = Debugx86|x86
		{05B392A0-1260-4BB1-9106-2C6B7F55E035}.Release|Any CPU.ActiveCfg = Release|Any CPU
		{05B392A0-1260-4BB1-9106-2C6B7F55E035}.Release|Any CPU.Build.0 = Release|Any CPU
		{05B392A0-1260-4BB1-9106-2C6B7F55E035}.Release|Mixed Platforms.ActiveCfg = Release|x86
		{05B392A0-1260-4BB1-9106-2C6B7F55E035}.Release|Mixed Platforms.Build.0 = Release|x86
		{05B392A0-1260-4BB1-9106-2C6B7F55E035}.Release|x86.ActiveCfg = Release|x86
		{05B392A0-1260-4BB1-9106-2C6B7F55E035}.Release|x86.Build.0 = Release|x86
		{05B392A0-1260-4BB1-9106-2C6B7F55E035}.Releasex86|Any CPU.ActiveCfg = Releasex86|Any CPU
		{05B392A0-1260-4BB1-9106-2C6B7F55E035}.Releasex86|Any CPU.Build.0 = Releasex86|Any CPU
		{05B392A0-1260-4BB1-9106-2C6B7F55E035}.Releasex86|Mixed Platforms.ActiveCfg = Releasex86|x86
		{05B392A0-1260-4BB1-9106-2C6B7F55E035}.Releasex86|Mixed Platforms.Build.0 = Releasex86|x86
		{05B392A0-1260-4BB1-9106-2C6B7F55E035}.Releasex86|x86.ActiveCfg = Releasex86|x86
		{05B392A0-1260-4BB1-9106-2C6B7F55E035}.Releasex86|x86.Build.0 = Releasex86|x86
		{A9C67C32-97BE-4BDA-BA39-56BE7AC5C829}.Debug|Any CPU.ActiveCfg = Debug|Any CPU
		{A9C67C32-97BE-4BDA-BA39-56BE7AC5C829}.Debug|Any CPU.Build.0 = Debug|Any CPU
		{A9C67C32-97BE-4BDA-BA39-56BE7AC5C829}.Debug|Mixed Platforms.ActiveCfg = Debug|x86
		{A9C67C32-97BE-4BDA-BA39-56BE7AC5C829}.Debug|Mixed Platforms.Build.0 = Debug|x86
		{A9C67C32-97BE-4BDA-BA39-56BE7AC5C829}.Debug|x86.ActiveCfg = Debug|Any CPU
		{A9C67C32-97BE-4BDA-BA39-56BE7AC5C829}.Debug|x86.Build.0 = Debug|Any CPU
		{A9C67C32-97BE-4BDA-BA39-56BE7AC5C829}.Debugx86|Any CPU.ActiveCfg = Debugx86|Any CPU
		{A9C67C32-97BE-4BDA-BA39-56BE7AC5C829}.Debugx86|Any CPU.Build.0 = Debugx86|Any CPU
		{A9C67C32-97BE-4BDA-BA39-56BE7AC5C829}.Debugx86|Mixed Platforms.ActiveCfg = Debugx86|x86
		{A9C67C32-97BE-4BDA-BA39-56BE7AC5C829}.Debugx86|Mixed Platforms.Build.0 = Debugx86|x86
		{A9C67C32-97BE-4BDA-BA39-56BE7AC5C829}.Debugx86|x86.ActiveCfg = Debugx86|x86
		{A9C67C32-97BE-4BDA-BA39-56BE7AC5C829}.Debugx86|x86.Build.0 = Debugx86|x86
		{A9C67C32-97BE-4BDA-BA39-56BE7AC5C829}.Release|Any CPU.ActiveCfg = Release|Any CPU
		{A9C67C32-97BE-4BDA-BA39-56BE7AC5C829}.Release|Any CPU.Build.0 = Release|Any CPU
		{A9C67C32-97BE-4BDA-BA39-56BE7AC5C829}.Release|Mixed Platforms.ActiveCfg = Release|x86
		{A9C67C32-97BE-4BDA-BA39-56BE7AC5C829}.Release|Mixed Platforms.Build.0 = Release|x86
		{A9C67C32-97BE-4BDA-BA39-56BE7AC5C829}.Release|x86.ActiveCfg = Release|x86
		{A9C67C32-97BE-4BDA-BA39-56BE7AC5C829}.Release|x86.Build.0 = Release|x86
		{A9C67C32-97BE-4BDA-BA39-56BE7AC5C829}.Releasex86|Any CPU.ActiveCfg = Releasex86|Any CPU
		{A9C67C32-97BE-4BDA-BA39-56BE7AC5C829}.Releasex86|Any CPU.Build.0 = Releasex86|Any CPU
		{A9C67C32-97BE-4BDA-BA39-56BE7AC5C829}.Releasex86|Mixed Platforms.ActiveCfg = Releasex86|x86
		{A9C67C32-97BE-4BDA-BA39-56BE7AC5C829}.Releasex86|Mixed Platforms.Build.0 = Releasex86|x86
		{A9C67C32-97BE-4BDA-BA39-56BE7AC5C829}.Releasex86|x86.ActiveCfg = Releasex86|x86
		{A9C67C32-97BE-4BDA-BA39-56BE7AC5C829}.Releasex86|x86.Build.0 = Releasex86|x86
		{8D8D2AA1-C7F9-4AF0-93E8-94FF43C0D404}.Debug|Any CPU.ActiveCfg = Debug|Any CPU
		{8D8D2AA1-C7F9-4AF0-93E8-94FF43C0D404}.Debug|Any CPU.Build.0 = Debug|Any CPU
		{8D8D2AA1-C7F9-4AF0-93E8-94FF43C0D404}.Debug|Mixed Platforms.ActiveCfg = Debug|x86
		{8D8D2AA1-C7F9-4AF0-93E8-94FF43C0D404}.Debug|Mixed Platforms.Build.0 = Debug|x86
		{8D8D2AA1-C7F9-4AF0-93E8-94FF43C0D404}.Debug|x86.ActiveCfg = Debug|Any CPU
		{8D8D2AA1-C7F9-4AF0-93E8-94FF43C0D404}.Debug|x86.Build.0 = Debug|Any CPU
		{8D8D2AA1-C7F9-4AF0-93E8-94FF43C0D404}.Debugx86|Any CPU.ActiveCfg = Debugx86|Any CPU
		{8D8D2AA1-C7F9-4AF0-93E8-94FF43C0D404}.Debugx86|Any CPU.Build.0 = Debugx86|Any CPU
		{8D8D2AA1-C7F9-4AF0-93E8-94FF43C0D404}.Debugx86|Mixed Platforms.ActiveCfg = Debugx86|x86
		{8D8D2AA1-C7F9-4AF0-93E8-94FF43C0D404}.Debugx86|Mixed Platforms.Build.0 = Debugx86|x86
		{8D8D2AA1-C7F9-4AF0-93E8-94FF43C0D404}.Debugx86|x86.ActiveCfg = Debugx86|x86
		{8D8D2AA1-C7F9-4AF0-93E8-94FF43C0D404}.Debugx86|x86.Build.0 = Debugx86|x86
		{8D8D2AA1-C7F9-4AF0-93E8-94FF43C0D404}.Release|Any CPU.ActiveCfg = Release|Any CPU
		{8D8D2AA1-C7F9-4AF0-93E8-94FF43C0D404}.Release|Any CPU.Build.0 = Release|Any CPU
		{8D8D2AA1-C7F9-4AF0-93E8-94FF43C0D404}.Release|Mixed Platforms.ActiveCfg = Release|x86
		{8D8D2AA1-C7F9-4AF0-93E8-94FF43C0D404}.Release|Mixed Platforms.Build.0 = Release|x86
		{8D8D2AA1-C7F9-4AF0-93E8-94FF43C0D404}.Release|x86.ActiveCfg = Release|x86
		{8D8D2AA1-C7F9-4AF0-93E8-94FF43C0D404}.Release|x86.Build.0 = Release|x86
		{8D8D2AA1-C7F9-4AF0-93E8-94FF43C0D404}.Releasex86|Any CPU.ActiveCfg = Releasex86|Any CPU
		{8D8D2AA1-C7F9-4AF0-93E8-94FF43C0D404}.Releasex86|Any CPU.Build.0 = Releasex86|Any CPU
		{8D8D2AA1-C7F9-4AF0-93E8-94FF43C0D404}.Releasex86|Mixed Platforms.ActiveCfg = Releasex86|x86
		{8D8D2AA1-C7F9-4AF0-93E8-94FF43C0D404}.Releasex86|Mixed Platforms.Build.0 = Releasex86|x86
		{8D8D2AA1-C7F9-4AF0-93E8-94FF43C0D404}.Releasex86|x86.ActiveCfg = Releasex86|x86
		{8D8D2AA1-C7F9-4AF0-93E8-94FF43C0D404}.Releasex86|x86.Build.0 = Releasex86|x86
		{EACD58AC-5525-4BA7-8290-32831ED57FED}.Debug|Any CPU.ActiveCfg = Debug|Any CPU
		{EACD58AC-5525-4BA7-8290-32831ED57FED}.Debug|Any CPU.Build.0 = Debug|Any CPU
		{EACD58AC-5525-4BA7-8290-32831ED57FED}.Debug|Mixed Platforms.ActiveCfg = Debug|x86
		{EACD58AC-5525-4BA7-8290-32831ED57FED}.Debug|Mixed Platforms.Build.0 = Debug|x86
		{EACD58AC-5525-4BA7-8290-32831ED57FED}.Debug|x86.ActiveCfg = Debug|Any CPU
		{EACD58AC-5525-4BA7-8290-32831ED57FED}.Debug|x86.Build.0 = Debug|Any CPU
		{EACD58AC-5525-4BA7-8290-32831ED57FED}.Debugx86|Any CPU.ActiveCfg = Debugx86|Any CPU
		{EACD58AC-5525-4BA7-8290-32831ED57FED}.Debugx86|Any CPU.Build.0 = Debugx86|Any CPU
		{EACD58AC-5525-4BA7-8290-32831ED57FED}.Debugx86|Mixed Platforms.ActiveCfg = Debugx86|x86
		{EACD58AC-5525-4BA7-8290-32831ED57FED}.Debugx86|Mixed Platforms.Build.0 = Debugx86|x86
		{EACD58AC-5525-4BA7-8290-32831ED57FED}.Debugx86|x86.ActiveCfg = Debugx86|x86
		{EACD58AC-5525-4BA7-8290-32831ED57FED}.Debugx86|x86.Build.0 = Debugx86|x86
		{EACD58AC-5525-4BA7-8290-32831ED57FED}.Release|Any CPU.ActiveCfg = Release|Any CPU
		{EACD58AC-5525-4BA7-8290-32831ED57FED}.Release|Any CPU.Build.0 = Release|Any CPU
		{EACD58AC-5525-4BA7-8290-32831ED57FED}.Release|Mixed Platforms.ActiveCfg = Release|x86
		{EACD58AC-5525-4BA7-8290-32831ED57FED}.Release|Mixed Platforms.Build.0 = Release|x86
		{EACD58AC-5525-4BA7-8290-32831ED57FED}.Release|x86.ActiveCfg = Release|x86
		{EACD58AC-5525-4BA7-8290-32831ED57FED}.Release|x86.Build.0 = Release|x86
		{EACD58AC-5525-4BA7-8290-32831ED57FED}.Releasex86|Any CPU.ActiveCfg = Releasex86|Any CPU
		{EACD58AC-5525-4BA7-8290-32831ED57FED}.Releasex86|Any CPU.Build.0 = Releasex86|Any CPU
		{EACD58AC-5525-4BA7-8290-32831ED57FED}.Releasex86|Mixed Platforms.ActiveCfg = Releasex86|x86
		{EACD58AC-5525-4BA7-8290-32831ED57FED}.Releasex86|Mixed Platforms.Build.0 = Releasex86|x86
		{EACD58AC-5525-4BA7-8290-32831ED57FED}.Releasex86|x86.ActiveCfg = Releasex86|x86
		{EACD58AC-5525-4BA7-8290-32831ED57FED}.Releasex86|x86.Build.0 = Releasex86|x86
		{968C3DD8-21FC-46C0-AE69-70D5D1734A0F}.Debug|Any CPU.ActiveCfg = Debug|Any CPU
		{968C3DD8-21FC-46C0-AE69-70D5D1734A0F}.Debug|Any CPU.Build.0 = Debug|Any CPU
		{968C3DD8-21FC-46C0-AE69-70D5D1734A0F}.Debug|Mixed Platforms.ActiveCfg = Debug|x86
		{968C3DD8-21FC-46C0-AE69-70D5D1734A0F}.Debug|Mixed Platforms.Build.0 = Debug|x86
		{968C3DD8-21FC-46C0-AE69-70D5D1734A0F}.Debug|x86.ActiveCfg = Debug|Any CPU
		{968C3DD8-21FC-46C0-AE69-70D5D1734A0F}.Debug|x86.Build.0 = Debug|Any CPU
		{968C3DD8-21FC-46C0-AE69-70D5D1734A0F}.Debugx86|Any CPU.ActiveCfg = Debugx86|Any CPU
		{968C3DD8-21FC-46C0-AE69-70D5D1734A0F}.Debugx86|Any CPU.Build.0 = Debugx86|Any CPU
		{968C3DD8-21FC-46C0-AE69-70D5D1734A0F}.Debugx86|Mixed Platforms.ActiveCfg = Debugx86|x86
		{968C3DD8-21FC-46C0-AE69-70D5D1734A0F}.Debugx86|Mixed Platforms.Build.0 = Debugx86|x86
		{968C3DD8-21FC-46C0-AE69-70D5D1734A0F}.Debugx86|x86.ActiveCfg = Debugx86|x86
		{968C3DD8-21FC-46C0-AE69-70D5D1734A0F}.Debugx86|x86.Build.0 = Debugx86|x86
		{968C3DD8-21FC-46C0-AE69-70D5D1734A0F}.Release|Any CPU.ActiveCfg = Release|Any CPU
		{968C3DD8-21FC-46C0-AE69-70D5D1734A0F}.Release|Any CPU.Build.0 = Release|Any CPU
		{968C3DD8-21FC-46C0-AE69-70D5D1734A0F}.Release|Mixed Platforms.ActiveCfg = Release|x86
		{968C3DD8-21FC-46C0-AE69-70D5D1734A0F}.Release|Mixed Platforms.Build.0 = Release|x86
		{968C3DD8-21FC-46C0-AE69-70D5D1734A0F}.Release|x86.ActiveCfg = Release|x86
		{968C3DD8-21FC-46C0-AE69-70D5D1734A0F}.Release|x86.Build.0 = Release|x86
		{968C3DD8-21FC-46C0-AE69-70D5D1734A0F}.Releasex86|Any CPU.ActiveCfg = Releasex86|Any CPU
		{968C3DD8-21FC-46C0-AE69-70D5D1734A0F}.Releasex86|Any CPU.Build.0 = Releasex86|Any CPU
		{968C3DD8-21FC-46C0-AE69-70D5D1734A0F}.Releasex86|Mixed Platforms.ActiveCfg = Releasex86|x86
		{968C3DD8-21FC-46C0-AE69-70D5D1734A0F}.Releasex86|Mixed Platforms.Build.0 = Releasex86|x86
		{968C3DD8-21FC-46C0-AE69-70D5D1734A0F}.Releasex86|x86.ActiveCfg = Releasex86|x86
		{968C3DD8-21FC-46C0-AE69-70D5D1734A0F}.Releasex86|x86.Build.0 = Releasex86|x86
		{69559BB1-2F90-4BC4-8151-6398D455622E}.Debug|Any CPU.ActiveCfg = Debug|Any CPU
		{69559BB1-2F90-4BC4-8151-6398D455622E}.Debug|Any CPU.Build.0 = Debug|Any CPU
		{69559BB1-2F90-4BC4-8151-6398D455622E}.Debug|Mixed Platforms.ActiveCfg = Debug|x86
		{69559BB1-2F90-4BC4-8151-6398D455622E}.Debug|Mixed Platforms.Build.0 = Debug|x86
		{69559BB1-2F90-4BC4-8151-6398D455622E}.Debug|x86.ActiveCfg = Debug|Any CPU
		{69559BB1-2F90-4BC4-8151-6398D455622E}.Debug|x86.Build.0 = Debug|Any CPU
		{69559BB1-2F90-4BC4-8151-6398D455622E}.Debugx86|Any CPU.ActiveCfg = Debugx86|Any CPU
		{69559BB1-2F90-4BC4-8151-6398D455622E}.Debugx86|Any CPU.Build.0 = Debugx86|Any CPU
		{69559BB1-2F90-4BC4-8151-6398D455622E}.Debugx86|Mixed Platforms.ActiveCfg = Debugx86|x86
		{69559BB1-2F90-4BC4-8151-6398D455622E}.Debugx86|Mixed Platforms.Build.0 = Debugx86|x86
		{69559BB1-2F90-4BC4-8151-6398D455622E}.Debugx86|x86.ActiveCfg = Debugx86|x86
		{69559BB1-2F90-4BC4-8151-6398D455622E}.Debugx86|x86.Build.0 = Debugx86|x86
		{69559BB1-2F90-4BC4-8151-6398D455622E}.Release|Any CPU.ActiveCfg = Release|Any CPU
		{69559BB1-2F90-4BC4-8151-6398D455622E}.Release|Any CPU.Build.0 = Release|Any CPU
		{69559BB1-2F90-4BC4-8151-6398D455622E}.Release|Mixed Platforms.ActiveCfg = Release|x86
		{69559BB1-2F90-4BC4-8151-6398D455622E}.Release|Mixed Platforms.Build.0 = Release|x86
		{69559BB1-2F90-4BC4-8151-6398D455622E}.Release|x86.ActiveCfg = Release|x86
		{69559BB1-2F90-4BC4-8151-6398D455622E}.Release|x86.Build.0 = Release|x86
		{69559BB1-2F90-4BC4-8151-6398D455622E}.Releasex86|Any CPU.ActiveCfg = Releasex86|Any CPU
		{69559BB1-2F90-4BC4-8151-6398D455622E}.Releasex86|Any CPU.Build.0 = Releasex86|Any CPU
		{69559BB1-2F90-4BC4-8151-6398D455622E}.Releasex86|Mixed Platforms.ActiveCfg = Releasex86|x86
		{69559BB1-2F90-4BC4-8151-6398D455622E}.Releasex86|Mixed Platforms.Build.0 = Releasex86|x86
		{69559BB1-2F90-4BC4-8151-6398D455622E}.Releasex86|x86.ActiveCfg = Releasex86|x86
		{69559BB1-2F90-4BC4-8151-6398D455622E}.Releasex86|x86.Build.0 = Releasex86|x86
		{A5AA70DA-8B23-492F-872A-C5E9F2A04C58}.Debug|Any CPU.ActiveCfg = Debug|Any CPU
		{A5AA70DA-8B23-492F-872A-C5E9F2A04C58}.Debug|Any CPU.Build.0 = Debug|Any CPU
		{A5AA70DA-8B23-492F-872A-C5E9F2A04C58}.Debug|Mixed Platforms.ActiveCfg = Debug|x86
		{A5AA70DA-8B23-492F-872A-C5E9F2A04C58}.Debug|Mixed Platforms.Build.0 = Debug|x86
		{A5AA70DA-8B23-492F-872A-C5E9F2A04C58}.Debug|x86.ActiveCfg = Debug|Any CPU
		{A5AA70DA-8B23-492F-872A-C5E9F2A04C58}.Debug|x86.Build.0 = Debug|Any CPU
		{A5AA70DA-8B23-492F-872A-C5E9F2A04C58}.Debugx86|Any CPU.ActiveCfg = Debugx86|Any CPU
		{A5AA70DA-8B23-492F-872A-C5E9F2A04C58}.Debugx86|Any CPU.Build.0 = Debugx86|Any CPU
		{A5AA70DA-8B23-492F-872A-C5E9F2A04C58}.Debugx86|Mixed Platforms.ActiveCfg = Debugx86|x86
		{A5AA70DA-8B23-492F-872A-C5E9F2A04C58}.Debugx86|Mixed Platforms.Build.0 = Debugx86|x86
		{A5AA70DA-8B23-492F-872A-C5E9F2A04C58}.Debugx86|x86.ActiveCfg = Debugx86|x86
		{A5AA70DA-8B23-492F-872A-C5E9F2A04C58}.Debugx86|x86.Build.0 = Debugx86|x86
		{A5AA70DA-8B23-492F-872A-C5E9F2A04C58}.Release|Any CPU.ActiveCfg = Release|Any CPU
		{A5AA70DA-8B23-492F-872A-C5E9F2A04C58}.Release|Any CPU.Build.0 = Release|Any CPU
		{A5AA70DA-8B23-492F-872A-C5E9F2A04C58}.Release|Mixed Platforms.ActiveCfg = Release|x86
		{A5AA70DA-8B23-492F-872A-C5E9F2A04C58}.Release|Mixed Platforms.Build.0 = Release|x86
		{A5AA70DA-8B23-492F-872A-C5E9F2A04C58}.Release|x86.ActiveCfg = Release|x86
		{A5AA70DA-8B23-492F-872A-C5E9F2A04C58}.Release|x86.Build.0 = Release|x86
		{A5AA70DA-8B23-492F-872A-C5E9F2A04C58}.Releasex86|Any CPU.ActiveCfg = Releasex86|Any CPU
		{A5AA70DA-8B23-492F-872A-C5E9F2A04C58}.Releasex86|Any CPU.Build.0 = Releasex86|Any CPU
		{A5AA70DA-8B23-492F-872A-C5E9F2A04C58}.Releasex86|Mixed Platforms.ActiveCfg = Releasex86|x86
		{A5AA70DA-8B23-492F-872A-C5E9F2A04C58}.Releasex86|Mixed Platforms.Build.0 = Releasex86|x86
		{A5AA70DA-8B23-492F-872A-C5E9F2A04C58}.Releasex86|x86.ActiveCfg = Releasex86|x86
		{A5AA70DA-8B23-492F-872A-C5E9F2A04C58}.Releasex86|x86.Build.0 = Releasex86|x86
		{BF8820B7-62EB-4203-8D31-171D8FF79A3B}.Debug|Any CPU.ActiveCfg = Debug|Any CPU
		{BF8820B7-62EB-4203-8D31-171D8FF79A3B}.Debug|Any CPU.Build.0 = Debug|Any CPU
		{BF8820B7-62EB-4203-8D31-171D8FF79A3B}.Debug|Mixed Platforms.ActiveCfg = Debug|x86
		{BF8820B7-62EB-4203-8D31-171D8FF79A3B}.Debug|Mixed Platforms.Build.0 = Debug|x86
		{BF8820B7-62EB-4203-8D31-171D8FF79A3B}.Debug|x86.ActiveCfg = Debug|Any CPU
		{BF8820B7-62EB-4203-8D31-171D8FF79A3B}.Debug|x86.Build.0 = Debug|Any CPU
		{BF8820B7-62EB-4203-8D31-171D8FF79A3B}.Debugx86|Any CPU.ActiveCfg = Debugx86|Any CPU
		{BF8820B7-62EB-4203-8D31-171D8FF79A3B}.Debugx86|Any CPU.Build.0 = Debugx86|Any CPU
		{BF8820B7-62EB-4203-8D31-171D8FF79A3B}.Debugx86|Mixed Platforms.ActiveCfg = Debugx86|x86
		{BF8820B7-62EB-4203-8D31-171D8FF79A3B}.Debugx86|Mixed Platforms.Build.0 = Debugx86|x86
		{BF8820B7-62EB-4203-8D31-171D8FF79A3B}.Debugx86|x86.ActiveCfg = Debugx86|x86
		{BF8820B7-62EB-4203-8D31-171D8FF79A3B}.Debugx86|x86.Build.0 = Debugx86|x86
		{BF8820B7-62EB-4203-8D31-171D8FF79A3B}.Release|Any CPU.ActiveCfg = Release|Any CPU
		{BF8820B7-62EB-4203-8D31-171D8FF79A3B}.Release|Any CPU.Build.0 = Release|Any CPU
		{BF8820B7-62EB-4203-8D31-171D8FF79A3B}.Release|Mixed Platforms.ActiveCfg = Release|x86
		{BF8820B7-62EB-4203-8D31-171D8FF79A3B}.Release|Mixed Platforms.Build.0 = Release|x86
		{BF8820B7-62EB-4203-8D31-171D8FF79A3B}.Release|x86.ActiveCfg = Release|x86
		{BF8820B7-62EB-4203-8D31-171D8FF79A3B}.Release|x86.Build.0 = Release|x86
		{BF8820B7-62EB-4203-8D31-171D8FF79A3B}.Releasex86|Any CPU.ActiveCfg = Releasex86|Any CPU
		{BF8820B7-62EB-4203-8D31-171D8FF79A3B}.Releasex86|Any CPU.Build.0 = Releasex86|Any CPU
		{BF8820B7-62EB-4203-8D31-171D8FF79A3B}.Releasex86|Mixed Platforms.ActiveCfg = Releasex86|x86
		{BF8820B7-62EB-4203-8D31-171D8FF79A3B}.Releasex86|Mixed Platforms.Build.0 = Releasex86|x86
		{BF8820B7-62EB-4203-8D31-171D8FF79A3B}.Releasex86|x86.ActiveCfg = Releasex86|x86
		{BF8820B7-62EB-4203-8D31-171D8FF79A3B}.Releasex86|x86.Build.0 = Releasex86|x86
		{33D0DDCF-9ACA-46C6-A76E-2D81B1E79B54}.Debug|Any CPU.ActiveCfg = Debug|Any CPU
		{33D0DDCF-9ACA-46C6-A76E-2D81B1E79B54}.Debug|Any CPU.Build.0 = Debug|Any CPU
		{33D0DDCF-9ACA-46C6-A76E-2D81B1E79B54}.Debug|Mixed Platforms.ActiveCfg = Debug|x86
		{33D0DDCF-9ACA-46C6-A76E-2D81B1E79B54}.Debug|Mixed Platforms.Build.0 = Debug|x86
		{33D0DDCF-9ACA-46C6-A76E-2D81B1E79B54}.Debug|x86.ActiveCfg = Debug|Any CPU
		{33D0DDCF-9ACA-46C6-A76E-2D81B1E79B54}.Debug|x86.Build.0 = Debug|Any CPU
		{33D0DDCF-9ACA-46C6-A76E-2D81B1E79B54}.Debugx86|Any CPU.ActiveCfg = Debugx86|Any CPU
		{33D0DDCF-9ACA-46C6-A76E-2D81B1E79B54}.Debugx86|Any CPU.Build.0 = Debugx86|Any CPU
		{33D0DDCF-9ACA-46C6-A76E-2D81B1E79B54}.Debugx86|Mixed Platforms.ActiveCfg = Debugx86|x86
		{33D0DDCF-9ACA-46C6-A76E-2D81B1E79B54}.Debugx86|Mixed Platforms.Build.0 = Debugx86|x86
		{33D0DDCF-9ACA-46C6-A76E-2D81B1E79B54}.Debugx86|x86.ActiveCfg = Debugx86|x86
		{33D0DDCF-9ACA-46C6-A76E-2D81B1E79B54}.Debugx86|x86.Build.0 = Debugx86|x86
		{33D0DDCF-9ACA-46C6-A76E-2D81B1E79B54}.Release|Any CPU.ActiveCfg = Release|Any CPU
		{33D0DDCF-9ACA-46C6-A76E-2D81B1E79B54}.Release|Any CPU.Build.0 = Release|Any CPU
		{33D0DDCF-9ACA-46C6-A76E-2D81B1E79B54}.Release|Mixed Platforms.ActiveCfg = Release|x86
		{33D0DDCF-9ACA-46C6-A76E-2D81B1E79B54}.Release|Mixed Platforms.Build.0 = Release|x86
		{33D0DDCF-9ACA-46C6-A76E-2D81B1E79B54}.Release|x86.ActiveCfg = Release|x86
		{33D0DDCF-9ACA-46C6-A76E-2D81B1E79B54}.Release|x86.Build.0 = Release|x86
		{33D0DDCF-9ACA-46C6-A76E-2D81B1E79B54}.Releasex86|Any CPU.ActiveCfg = Releasex86|Any CPU
		{33D0DDCF-9ACA-46C6-A76E-2D81B1E79B54}.Releasex86|Any CPU.Build.0 = Releasex86|Any CPU
		{33D0DDCF-9ACA-46C6-A76E-2D81B1E79B54}.Releasex86|Mixed Platforms.ActiveCfg = Releasex86|x86
		{33D0DDCF-9ACA-46C6-A76E-2D81B1E79B54}.Releasex86|Mixed Platforms.Build.0 = Releasex86|x86
		{33D0DDCF-9ACA-46C6-A76E-2D81B1E79B54}.Releasex86|x86.ActiveCfg = Releasex86|x86
		{33D0DDCF-9ACA-46C6-A76E-2D81B1E79B54}.Releasex86|x86.Build.0 = Releasex86|x86
		{EFB76A31-3D03-4244-B8D7-378808F4E5A2}.Debug|Any CPU.ActiveCfg = Debug|Any CPU
		{EFB76A31-3D03-4244-B8D7-378808F4E5A2}.Debug|Any CPU.Build.0 = Debug|Any CPU
		{EFB76A31-3D03-4244-B8D7-378808F4E5A2}.Debug|Mixed Platforms.ActiveCfg = Debug|x86
		{EFB76A31-3D03-4244-B8D7-378808F4E5A2}.Debug|Mixed Platforms.Build.0 = Debug|x86
		{EFB76A31-3D03-4244-B8D7-378808F4E5A2}.Debug|x86.ActiveCfg = Debug|Any CPU
		{EFB76A31-3D03-4244-B8D7-378808F4E5A2}.Debug|x86.Build.0 = Debug|Any CPU
		{EFB76A31-3D03-4244-B8D7-378808F4E5A2}.Debugx86|Any CPU.ActiveCfg = Debugx86|Any CPU
		{EFB76A31-3D03-4244-B8D7-378808F4E5A2}.Debugx86|Any CPU.Build.0 = Debugx86|Any CPU
		{EFB76A31-3D03-4244-B8D7-378808F4E5A2}.Debugx86|Mixed Platforms.ActiveCfg = Debugx86|x86
		{EFB76A31-3D03-4244-B8D7-378808F4E5A2}.Debugx86|Mixed Platforms.Build.0 = Debugx86|x86
		{EFB76A31-3D03-4244-B8D7-378808F4E5A2}.Debugx86|x86.ActiveCfg = Debugx86|x86
		{EFB76A31-3D03-4244-B8D7-378808F4E5A2}.Debugx86|x86.Build.0 = Debugx86|x86
		{EFB76A31-3D03-4244-B8D7-378808F4E5A2}.Release|Any CPU.ActiveCfg = Release|Any CPU
		{EFB76A31-3D03-4244-B8D7-378808F4E5A2}.Release|Any CPU.Build.0 = Release|Any CPU
		{EFB76A31-3D03-4244-B8D7-378808F4E5A2}.Release|Mixed Platforms.ActiveCfg = Release|x86
		{EFB76A31-3D03-4244-B8D7-378808F4E5A2}.Release|Mixed Platforms.Build.0 = Release|x86
		{EFB76A31-3D03-4244-B8D7-378808F4E5A2}.Release|x86.ActiveCfg = Release|x86
		{EFB76A31-3D03-4244-B8D7-378808F4E5A2}.Release|x86.Build.0 = Release|x86
		{EFB76A31-3D03-4244-B8D7-378808F4E5A2}.Releasex86|Any CPU.ActiveCfg = Releasex86|Any CPU
		{EFB76A31-3D03-4244-B8D7-378808F4E5A2}.Releasex86|Any CPU.Build.0 = Releasex86|Any CPU
		{EFB76A31-3D03-4244-B8D7-378808F4E5A2}.Releasex86|Mixed Platforms.ActiveCfg = Releasex86|x86
		{EFB76A31-3D03-4244-B8D7-378808F4E5A2}.Releasex86|Mixed Platforms.Build.0 = Releasex86|x86
		{EFB76A31-3D03-4244-B8D7-378808F4E5A2}.Releasex86|x86.ActiveCfg = Releasex86|x86
		{EFB76A31-3D03-4244-B8D7-378808F4E5A2}.Releasex86|x86.Build.0 = Releasex86|x86
		{318972B9-0FD8-409A-BAB8-B8953564C50E}.Debug|Any CPU.ActiveCfg = Debug|Any CPU
		{318972B9-0FD8-409A-BAB8-B8953564C50E}.Debug|Any CPU.Build.0 = Debug|Any CPU
		{318972B9-0FD8-409A-BAB8-B8953564C50E}.Debug|Mixed Platforms.ActiveCfg = Debug|x86
		{318972B9-0FD8-409A-BAB8-B8953564C50E}.Debug|Mixed Platforms.Build.0 = Debug|x86
		{318972B9-0FD8-409A-BAB8-B8953564C50E}.Debug|x86.ActiveCfg = Debug|Any CPU
		{318972B9-0FD8-409A-BAB8-B8953564C50E}.Debug|x86.Build.0 = Debug|Any CPU
		{318972B9-0FD8-409A-BAB8-B8953564C50E}.Debugx86|Any CPU.ActiveCfg = Debugx86|Any CPU
		{318972B9-0FD8-409A-BAB8-B8953564C50E}.Debugx86|Any CPU.Build.0 = Debugx86|Any CPU
		{318972B9-0FD8-409A-BAB8-B8953564C50E}.Debugx86|Mixed Platforms.ActiveCfg = Debugx86|x86
		{318972B9-0FD8-409A-BAB8-B8953564C50E}.Debugx86|Mixed Platforms.Build.0 = Debugx86|x86
		{318972B9-0FD8-409A-BAB8-B8953564C50E}.Debugx86|x86.ActiveCfg = Debugx86|x86
		{318972B9-0FD8-409A-BAB8-B8953564C50E}.Debugx86|x86.Build.0 = Debugx86|x86
		{318972B9-0FD8-409A-BAB8-B8953564C50E}.Release|Any CPU.ActiveCfg = Release|Any CPU
		{318972B9-0FD8-409A-BAB8-B8953564C50E}.Release|Any CPU.Build.0 = Release|Any CPU
		{318972B9-0FD8-409A-BAB8-B8953564C50E}.Release|Mixed Platforms.ActiveCfg = Release|x86
		{318972B9-0FD8-409A-BAB8-B8953564C50E}.Release|Mixed Platforms.Build.0 = Release|x86
		{318972B9-0FD8-409A-BAB8-B8953564C50E}.Release|x86.ActiveCfg = Release|x86
		{318972B9-0FD8-409A-BAB8-B8953564C50E}.Release|x86.Build.0 = Release|x86
		{318972B9-0FD8-409A-BAB8-B8953564C50E}.Releasex86|Any CPU.ActiveCfg = Releasex86|Any CPU
		{318972B9-0FD8-409A-BAB8-B8953564C50E}.Releasex86|Any CPU.Build.0 = Releasex86|Any CPU
		{318972B9-0FD8-409A-BAB8-B8953564C50E}.Releasex86|Mixed Platforms.ActiveCfg = Releasex86|x86
		{318972B9-0FD8-409A-BAB8-B8953564C50E}.Releasex86|Mixed Platforms.Build.0 = Releasex86|x86
		{318972B9-0FD8-409A-BAB8-B8953564C50E}.Releasex86|x86.ActiveCfg = Releasex86|x86
		{318972B9-0FD8-409A-BAB8-B8953564C50E}.Releasex86|x86.Build.0 = Releasex86|x86
		{E780834F-6278-4DD9-80EA-FC7C25361137}.Debug|Any CPU.ActiveCfg = Debug|Any CPU
		{E780834F-6278-4DD9-80EA-FC7C25361137}.Debug|Any CPU.Build.0 = Debug|Any CPU
		{E780834F-6278-4DD9-80EA-FC7C25361137}.Debug|Mixed Platforms.ActiveCfg = Debug|x86
		{E780834F-6278-4DD9-80EA-FC7C25361137}.Debug|Mixed Platforms.Build.0 = Debug|x86
		{E780834F-6278-4DD9-80EA-FC7C25361137}.Debug|x86.ActiveCfg = Debug|Any CPU
		{E780834F-6278-4DD9-80EA-FC7C25361137}.Debug|x86.Build.0 = Debug|Any CPU
		{E780834F-6278-4DD9-80EA-FC7C25361137}.Debugx86|Any CPU.ActiveCfg = Debugx86|Any CPU
		{E780834F-6278-4DD9-80EA-FC7C25361137}.Debugx86|Any CPU.Build.0 = Debugx86|Any CPU
		{E780834F-6278-4DD9-80EA-FC7C25361137}.Debugx86|Mixed Platforms.ActiveCfg = Debugx86|x86
		{E780834F-6278-4DD9-80EA-FC7C25361137}.Debugx86|Mixed Platforms.Build.0 = Debugx86|x86
		{E780834F-6278-4DD9-80EA-FC7C25361137}.Debugx86|x86.ActiveCfg = Debugx86|x86
		{E780834F-6278-4DD9-80EA-FC7C25361137}.Debugx86|x86.Build.0 = Debugx86|x86
		{E780834F-6278-4DD9-80EA-FC7C25361137}.Release|Any CPU.ActiveCfg = Release|Any CPU
		{E780834F-6278-4DD9-80EA-FC7C25361137}.Release|Any CPU.Build.0 = Release|Any CPU
		{E780834F-6278-4DD9-80EA-FC7C25361137}.Release|Mixed Platforms.ActiveCfg = Release|x86
		{E780834F-6278-4DD9-80EA-FC7C25361137}.Release|Mixed Platforms.Build.0 = Release|x86
		{E780834F-6278-4DD9-80EA-FC7C25361137}.Release|x86.ActiveCfg = Release|x86
		{E780834F-6278-4DD9-80EA-FC7C25361137}.Release|x86.Build.0 = Release|x86
		{E780834F-6278-4DD9-80EA-FC7C25361137}.Releasex86|Any CPU.ActiveCfg = Releasex86|Any CPU
		{E780834F-6278-4DD9-80EA-FC7C25361137}.Releasex86|Any CPU.Build.0 = Releasex86|Any CPU
		{E780834F-6278-4DD9-80EA-FC7C25361137}.Releasex86|Mixed Platforms.ActiveCfg = Releasex86|x86
		{E780834F-6278-4DD9-80EA-FC7C25361137}.Releasex86|Mixed Platforms.Build.0 = Releasex86|x86
		{E780834F-6278-4DD9-80EA-FC7C25361137}.Releasex86|x86.ActiveCfg = Releasex86|x86
		{E780834F-6278-4DD9-80EA-FC7C25361137}.Releasex86|x86.Build.0 = Releasex86|x86
		{49AF6CA8-8345-42E8-BCC1-EA75FF88D210}.Debug|Any CPU.ActiveCfg = Debug|Any CPU
		{49AF6CA8-8345-42E8-BCC1-EA75FF88D210}.Debug|Any CPU.Build.0 = Debug|Any CPU
		{49AF6CA8-8345-42E8-BCC1-EA75FF88D210}.Debug|Mixed Platforms.ActiveCfg = Debug|x86
		{49AF6CA8-8345-42E8-BCC1-EA75FF88D210}.Debug|Mixed Platforms.Build.0 = Debug|x86
		{49AF6CA8-8345-42E8-BCC1-EA75FF88D210}.Debug|x86.ActiveCfg = Debug|Any CPU
		{49AF6CA8-8345-42E8-BCC1-EA75FF88D210}.Debug|x86.Build.0 = Debug|Any CPU
		{49AF6CA8-8345-42E8-BCC1-EA75FF88D210}.Debugx86|Any CPU.ActiveCfg = Debugx86|Any CPU
		{49AF6CA8-8345-42E8-BCC1-EA75FF88D210}.Debugx86|Any CPU.Build.0 = Debugx86|Any CPU
		{49AF6CA8-8345-42E8-BCC1-EA75FF88D210}.Debugx86|Mixed Platforms.ActiveCfg = Debugx86|x86
		{49AF6CA8-8345-42E8-BCC1-EA75FF88D210}.Debugx86|Mixed Platforms.Build.0 = Debugx86|x86
		{49AF6CA8-8345-42E8-BCC1-EA75FF88D210}.Debugx86|x86.ActiveCfg = Debugx86|x86
		{49AF6CA8-8345-42E8-BCC1-EA75FF88D210}.Debugx86|x86.Build.0 = Debugx86|x86
		{49AF6CA8-8345-42E8-BCC1-EA75FF88D210}.Release|Any CPU.ActiveCfg = Release|Any CPU
		{49AF6CA8-8345-42E8-BCC1-EA75FF88D210}.Release|Any CPU.Build.0 = Release|Any CPU
		{49AF6CA8-8345-42E8-BCC1-EA75FF88D210}.Release|Mixed Platforms.ActiveCfg = Release|x86
		{49AF6CA8-8345-42E8-BCC1-EA75FF88D210}.Release|Mixed Platforms.Build.0 = Release|x86
		{49AF6CA8-8345-42E8-BCC1-EA75FF88D210}.Release|x86.ActiveCfg = Release|x86
		{49AF6CA8-8345-42E8-BCC1-EA75FF88D210}.Release|x86.Build.0 = Release|x86
		{49AF6CA8-8345-42E8-BCC1-EA75FF88D210}.Releasex86|Any CPU.ActiveCfg = Releasex86|Any CPU
		{49AF6CA8-8345-42E8-BCC1-EA75FF88D210}.Releasex86|Any CPU.Build.0 = Releasex86|Any CPU
		{49AF6CA8-8345-42E8-BCC1-EA75FF88D210}.Releasex86|Mixed Platforms.ActiveCfg = Releasex86|x86
		{49AF6CA8-8345-42E8-BCC1-EA75FF88D210}.Releasex86|Mixed Platforms.Build.0 = Releasex86|x86
		{49AF6CA8-8345-42E8-BCC1-EA75FF88D210}.Releasex86|x86.ActiveCfg = Releasex86|x86
		{49AF6CA8-8345-42E8-BCC1-EA75FF88D210}.Releasex86|x86.Build.0 = Releasex86|x86
		{6620EEBE-3816-4421-8BAE-4AA1F1EBA62A}.Debug|Any CPU.ActiveCfg = Debug|Any CPU
		{6620EEBE-3816-4421-8BAE-4AA1F1EBA62A}.Debug|Any CPU.Build.0 = Debug|Any CPU
		{6620EEBE-3816-4421-8BAE-4AA1F1EBA62A}.Debug|Mixed Platforms.ActiveCfg = Debug|x86
		{6620EEBE-3816-4421-8BAE-4AA1F1EBA62A}.Debug|Mixed Platforms.Build.0 = Debug|x86
		{6620EEBE-3816-4421-8BAE-4AA1F1EBA62A}.Debug|x86.ActiveCfg = Debug|Any CPU
		{6620EEBE-3816-4421-8BAE-4AA1F1EBA62A}.Debug|x86.Build.0 = Debug|Any CPU
		{6620EEBE-3816-4421-8BAE-4AA1F1EBA62A}.Debugx86|Any CPU.ActiveCfg = Debugx86|Any CPU
		{6620EEBE-3816-4421-8BAE-4AA1F1EBA62A}.Debugx86|Any CPU.Build.0 = Debugx86|Any CPU
		{6620EEBE-3816-4421-8BAE-4AA1F1EBA62A}.Debugx86|Mixed Platforms.ActiveCfg = Debugx86|x86
		{6620EEBE-3816-4421-8BAE-4AA1F1EBA62A}.Debugx86|Mixed Platforms.Build.0 = Debugx86|x86
		{6620EEBE-3816-4421-8BAE-4AA1F1EBA62A}.Debugx86|x86.ActiveCfg = Debugx86|x86
		{6620EEBE-3816-4421-8BAE-4AA1F1EBA62A}.Debugx86|x86.Build.0 = Debugx86|x86
		{6620EEBE-3816-4421-8BAE-4AA1F1EBA62A}.Release|Any CPU.ActiveCfg = Release|Any CPU
		{6620EEBE-3816-4421-8BAE-4AA1F1EBA62A}.Release|Any CPU.Build.0 = Release|Any CPU
		{6620EEBE-3816-4421-8BAE-4AA1F1EBA62A}.Release|Mixed Platforms.ActiveCfg = Release|x86
		{6620EEBE-3816-4421-8BAE-4AA1F1EBA62A}.Release|Mixed Platforms.Build.0 = Release|x86
		{6620EEBE-3816-4421-8BAE-4AA1F1EBA62A}.Release|x86.ActiveCfg = Release|x86
		{6620EEBE-3816-4421-8BAE-4AA1F1EBA62A}.Release|x86.Build.0 = Release|x86
		{6620EEBE-3816-4421-8BAE-4AA1F1EBA62A}.Releasex86|Any CPU.ActiveCfg = Releasex86|Any CPU
		{6620EEBE-3816-4421-8BAE-4AA1F1EBA62A}.Releasex86|Any CPU.Build.0 = Releasex86|Any CPU
		{6620EEBE-3816-4421-8BAE-4AA1F1EBA62A}.Releasex86|Mixed Platforms.ActiveCfg = Releasex86|x86
		{6620EEBE-3816-4421-8BAE-4AA1F1EBA62A}.Releasex86|Mixed Platforms.Build.0 = Releasex86|x86
		{6620EEBE-3816-4421-8BAE-4AA1F1EBA62A}.Releasex86|x86.ActiveCfg = Releasex86|x86
		{6620EEBE-3816-4421-8BAE-4AA1F1EBA62A}.Releasex86|x86.Build.0 = Releasex86|x86
		{4D15BBC4-7BE8-428D-9CFB-60A502DB0007}.Debug|Any CPU.ActiveCfg = Debug|Any CPU
		{4D15BBC4-7BE8-428D-9CFB-60A502DB0007}.Debug|Any CPU.Build.0 = Debug|Any CPU
		{4D15BBC4-7BE8-428D-9CFB-60A502DB0007}.Debug|Mixed Platforms.ActiveCfg = Debug|x86
		{4D15BBC4-7BE8-428D-9CFB-60A502DB0007}.Debug|Mixed Platforms.Build.0 = Debug|x86
		{4D15BBC4-7BE8-428D-9CFB-60A502DB0007}.Debug|x86.ActiveCfg = Debug|Any CPU
		{4D15BBC4-7BE8-428D-9CFB-60A502DB0007}.Debug|x86.Build.0 = Debug|Any CPU
		{4D15BBC4-7BE8-428D-9CFB-60A502DB0007}.Debugx86|Any CPU.ActiveCfg = Debugx86|Any CPU
		{4D15BBC4-7BE8-428D-9CFB-60A502DB0007}.Debugx86|Any CPU.Build.0 = Debugx86|Any CPU
		{4D15BBC4-7BE8-428D-9CFB-60A502DB0007}.Debugx86|Mixed Platforms.ActiveCfg = Debugx86|x86
		{4D15BBC4-7BE8-428D-9CFB-60A502DB0007}.Debugx86|Mixed Platforms.Build.0 = Debugx86|x86
		{4D15BBC4-7BE8-428D-9CFB-60A502DB0007}.Debugx86|x86.ActiveCfg = Debugx86|x86
		{4D15BBC4-7BE8-428D-9CFB-60A502DB0007}.Debugx86|x86.Build.0 = Debugx86|x86
		{4D15BBC4-7BE8-428D-9CFB-60A502DB0007}.Release|Any CPU.ActiveCfg = Release|Any CPU
		{4D15BBC4-7BE8-428D-9CFB-60A502DB0007}.Release|Any CPU.Build.0 = Release|Any CPU
		{4D15BBC4-7BE8-428D-9CFB-60A502DB0007}.Release|Mixed Platforms.ActiveCfg = Release|x86
		{4D15BBC4-7BE8-428D-9CFB-60A502DB0007}.Release|Mixed Platforms.Build.0 = Release|x86
		{4D15BBC4-7BE8-428D-9CFB-60A502DB0007}.Release|x86.ActiveCfg = Release|x86
		{4D15BBC4-7BE8-428D-9CFB-60A502DB0007}.Release|x86.Build.0 = Release|x86
		{4D15BBC4-7BE8-428D-9CFB-60A502DB0007}.Releasex86|Any CPU.ActiveCfg = Releasex86|Any CPU
		{4D15BBC4-7BE8-428D-9CFB-60A502DB0007}.Releasex86|Any CPU.Build.0 = Releasex86|Any CPU
		{4D15BBC4-7BE8-428D-9CFB-60A502DB0007}.Releasex86|Mixed Platforms.ActiveCfg = Releasex86|x86
		{4D15BBC4-7BE8-428D-9CFB-60A502DB0007}.Releasex86|Mixed Platforms.Build.0 = Releasex86|x86
		{4D15BBC4-7BE8-428D-9CFB-60A502DB0007}.Releasex86|x86.ActiveCfg = Releasex86|x86
		{4D15BBC4-7BE8-428D-9CFB-60A502DB0007}.Releasex86|x86.Build.0 = Releasex86|x86
		{7D331B75-25F3-48B3-BD89-E1287F74CD04}.Debug|Any CPU.ActiveCfg = Debug|Any CPU
		{7D331B75-25F3-48B3-BD89-E1287F74CD04}.Debug|Any CPU.Build.0 = Debug|Any CPU
		{7D331B75-25F3-48B3-BD89-E1287F74CD04}.Debug|Mixed Platforms.ActiveCfg = Debug|Any CPU
		{7D331B75-25F3-48B3-BD89-E1287F74CD04}.Debug|Mixed Platforms.Build.0 = Debug|Any CPU
		{7D331B75-25F3-48B3-BD89-E1287F74CD04}.Debug|x86.ActiveCfg = Debug|Any CPU
		{7D331B75-25F3-48B3-BD89-E1287F74CD04}.Debug|x86.Build.0 = Debug|Any CPU
		{7D331B75-25F3-48B3-BD89-E1287F74CD04}.Debugx86|Any CPU.ActiveCfg = Debugx86|Any CPU
		{7D331B75-25F3-48B3-BD89-E1287F74CD04}.Debugx86|Any CPU.Build.0 = Debugx86|Any CPU
		{7D331B75-25F3-48B3-BD89-E1287F74CD04}.Debugx86|Mixed Platforms.ActiveCfg = Debug|Any CPU
		{7D331B75-25F3-48B3-BD89-E1287F74CD04}.Debugx86|Mixed Platforms.Build.0 = Debug|Any CPU
		{7D331B75-25F3-48B3-BD89-E1287F74CD04}.Debugx86|x86.ActiveCfg = Debugx86|x86
		{7D331B75-25F3-48B3-BD89-E1287F74CD04}.Debugx86|x86.Build.0 = Debugx86|x86
		{7D331B75-25F3-48B3-BD89-E1287F74CD04}.Release|Any CPU.ActiveCfg = Release|Any CPU
		{7D331B75-25F3-48B3-BD89-E1287F74CD04}.Release|Any CPU.Build.0 = Release|Any CPU
		{7D331B75-25F3-48B3-BD89-E1287F74CD04}.Release|Mixed Platforms.ActiveCfg = Release|Any CPU
		{7D331B75-25F3-48B3-BD89-E1287F74CD04}.Release|Mixed Platforms.Build.0 = Release|Any CPU
		{7D331B75-25F3-48B3-BD89-E1287F74CD04}.Release|x86.ActiveCfg = Release|x86
		{7D331B75-25F3-48B3-BD89-E1287F74CD04}.Release|x86.Build.0 = Release|x86
		{7D331B75-25F3-48B3-BD89-E1287F74CD04}.Releasex86|Any CPU.ActiveCfg = Releasex86|Any CPU
		{7D331B75-25F3-48B3-BD89-E1287F74CD04}.Releasex86|Any CPU.Build.0 = Releasex86|Any CPU
		{7D331B75-25F3-48B3-BD89-E1287F74CD04}.Releasex86|Mixed Platforms.ActiveCfg = Release|Any CPU
		{7D331B75-25F3-48B3-BD89-E1287F74CD04}.Releasex86|Mixed Platforms.Build.0 = Release|Any CPU
		{7D331B75-25F3-48B3-BD89-E1287F74CD04}.Releasex86|x86.ActiveCfg = Releasex86|x86
		{7D331B75-25F3-48B3-BD89-E1287F74CD04}.Releasex86|x86.Build.0 = Releasex86|x86
		{CC2D0E7B-0476-4D95-AAC9-5F903A095507}.Debug|Any CPU.ActiveCfg = Debug|Any CPU
		{CC2D0E7B-0476-4D95-AAC9-5F903A095507}.Debug|Any CPU.Build.0 = Debug|Any CPU
		{CC2D0E7B-0476-4D95-AAC9-5F903A095507}.Debug|Mixed Platforms.ActiveCfg = Debug|Any CPU
		{CC2D0E7B-0476-4D95-AAC9-5F903A095507}.Debug|Mixed Platforms.Build.0 = Debug|Any CPU
		{CC2D0E7B-0476-4D95-AAC9-5F903A095507}.Debug|x86.ActiveCfg = Debug|Any CPU
		{CC2D0E7B-0476-4D95-AAC9-5F903A095507}.Debug|x86.Build.0 = Debug|Any CPU
		{CC2D0E7B-0476-4D95-AAC9-5F903A095507}.Debugx86|Any CPU.ActiveCfg = Debugx86|Any CPU
		{CC2D0E7B-0476-4D95-AAC9-5F903A095507}.Debugx86|Any CPU.Build.0 = Debugx86|Any CPU
		{CC2D0E7B-0476-4D95-AAC9-5F903A095507}.Debugx86|Mixed Platforms.ActiveCfg = Debug|Any CPU
		{CC2D0E7B-0476-4D95-AAC9-5F903A095507}.Debugx86|Mixed Platforms.Build.0 = Debug|Any CPU
		{CC2D0E7B-0476-4D95-AAC9-5F903A095507}.Debugx86|x86.ActiveCfg = Debugx86|x86
		{CC2D0E7B-0476-4D95-AAC9-5F903A095507}.Debugx86|x86.Build.0 = Debugx86|x86
		{CC2D0E7B-0476-4D95-AAC9-5F903A095507}.Release|Any CPU.ActiveCfg = Release|Any CPU
		{CC2D0E7B-0476-4D95-AAC9-5F903A095507}.Release|Any CPU.Build.0 = Release|Any CPU
		{CC2D0E7B-0476-4D95-AAC9-5F903A095507}.Release|Mixed Platforms.ActiveCfg = Release|Any CPU
		{CC2D0E7B-0476-4D95-AAC9-5F903A095507}.Release|Mixed Platforms.Build.0 = Release|Any CPU
		{CC2D0E7B-0476-4D95-AAC9-5F903A095507}.Release|x86.ActiveCfg = Release|x86
		{CC2D0E7B-0476-4D95-AAC9-5F903A095507}.Release|x86.Build.0 = Release|x86
		{CC2D0E7B-0476-4D95-AAC9-5F903A095507}.Releasex86|Any CPU.ActiveCfg = Releasex86|Any CPU
		{CC2D0E7B-0476-4D95-AAC9-5F903A095507}.Releasex86|Any CPU.Build.0 = Releasex86|Any CPU
		{CC2D0E7B-0476-4D95-AAC9-5F903A095507}.Releasex86|Mixed Platforms.ActiveCfg = Release|Any CPU
		{CC2D0E7B-0476-4D95-AAC9-5F903A095507}.Releasex86|Mixed Platforms.Build.0 = Release|Any CPU
		{CC2D0E7B-0476-4D95-AAC9-5F903A095507}.Releasex86|x86.ActiveCfg = Releasex86|x86
		{CC2D0E7B-0476-4D95-AAC9-5F903A095507}.Releasex86|x86.Build.0 = Releasex86|x86
		{2EC42281-631A-4005-97B1-6224D9DDACFC}.Debug|Any CPU.ActiveCfg = Debug|Any CPU
		{2EC42281-631A-4005-97B1-6224D9DDACFC}.Debug|Any CPU.Build.0 = Debug|Any CPU
		{2EC42281-631A-4005-97B1-6224D9DDACFC}.Debug|Mixed Platforms.ActiveCfg = Debug|x86
		{2EC42281-631A-4005-97B1-6224D9DDACFC}.Debug|Mixed Platforms.Build.0 = Debug|x86
		{2EC42281-631A-4005-97B1-6224D9DDACFC}.Debug|x86.ActiveCfg = Debug|Any CPU
		{2EC42281-631A-4005-97B1-6224D9DDACFC}.Debug|x86.Build.0 = Debug|Any CPU
		{2EC42281-631A-4005-97B1-6224D9DDACFC}.Debugx86|Any CPU.ActiveCfg = Debugx86|Any CPU
		{2EC42281-631A-4005-97B1-6224D9DDACFC}.Debugx86|Any CPU.Build.0 = Debugx86|Any CPU
		{2EC42281-631A-4005-97B1-6224D9DDACFC}.Debugx86|Mixed Platforms.ActiveCfg = Debug|x86
		{2EC42281-631A-4005-97B1-6224D9DDACFC}.Debugx86|Mixed Platforms.Build.0 = Debug|x86
		{2EC42281-631A-4005-97B1-6224D9DDACFC}.Debugx86|x86.ActiveCfg = Debugx86|x86
		{2EC42281-631A-4005-97B1-6224D9DDACFC}.Debugx86|x86.Build.0 = Debugx86|x86
		{2EC42281-631A-4005-97B1-6224D9DDACFC}.Release|Any CPU.ActiveCfg = Release|Any CPU
		{2EC42281-631A-4005-97B1-6224D9DDACFC}.Release|Any CPU.Build.0 = Release|Any CPU
		{2EC42281-631A-4005-97B1-6224D9DDACFC}.Release|Mixed Platforms.ActiveCfg = Release|x86
		{2EC42281-631A-4005-97B1-6224D9DDACFC}.Release|Mixed Platforms.Build.0 = Release|x86
		{2EC42281-631A-4005-97B1-6224D9DDACFC}.Release|x86.ActiveCfg = Release|x86
		{2EC42281-631A-4005-97B1-6224D9DDACFC}.Release|x86.Build.0 = Release|x86
		{2EC42281-631A-4005-97B1-6224D9DDACFC}.Releasex86|Any CPU.ActiveCfg = Releasex86|Any CPU
		{2EC42281-631A-4005-97B1-6224D9DDACFC}.Releasex86|Any CPU.Build.0 = Releasex86|Any CPU
		{2EC42281-631A-4005-97B1-6224D9DDACFC}.Releasex86|Mixed Platforms.ActiveCfg = Release|x86
		{2EC42281-631A-4005-97B1-6224D9DDACFC}.Releasex86|Mixed Platforms.Build.0 = Release|x86
		{2EC42281-631A-4005-97B1-6224D9DDACFC}.Releasex86|x86.ActiveCfg = Releasex86|x86
		{2EC42281-631A-4005-97B1-6224D9DDACFC}.Releasex86|x86.Build.0 = Releasex86|x86
		{AD149B7B-76D0-47E8-B515-8C1535A97133}.Debug|Any CPU.ActiveCfg = Debug|Any CPU
		{AD149B7B-76D0-47E8-B515-8C1535A97133}.Debug|Any CPU.Build.0 = Debug|Any CPU
		{AD149B7B-76D0-47E8-B515-8C1535A97133}.Debug|Mixed Platforms.ActiveCfg = Debug|Any CPU
		{AD149B7B-76D0-47E8-B515-8C1535A97133}.Debug|Mixed Platforms.Build.0 = Debug|Any CPU
		{AD149B7B-76D0-47E8-B515-8C1535A97133}.Debug|x86.ActiveCfg = Debug|Any CPU
		{AD149B7B-76D0-47E8-B515-8C1535A97133}.Debug|x86.Build.0 = Debug|Any CPU
		{AD149B7B-76D0-47E8-B515-8C1535A97133}.Debugx86|Any CPU.ActiveCfg = Debugx86|Any CPU
		{AD149B7B-76D0-47E8-B515-8C1535A97133}.Debugx86|Any CPU.Build.0 = Debugx86|Any CPU
		{AD149B7B-76D0-47E8-B515-8C1535A97133}.Debugx86|Mixed Platforms.ActiveCfg = Debug|Any CPU
		{AD149B7B-76D0-47E8-B515-8C1535A97133}.Debugx86|Mixed Platforms.Build.0 = Debug|Any CPU
		{AD149B7B-76D0-47E8-B515-8C1535A97133}.Debugx86|x86.ActiveCfg = Debugx86|x86
		{AD149B7B-76D0-47E8-B515-8C1535A97133}.Debugx86|x86.Build.0 = Debugx86|x86
		{AD149B7B-76D0-47E8-B515-8C1535A97133}.Release|Any CPU.ActiveCfg = Release|Any CPU
		{AD149B7B-76D0-47E8-B515-8C1535A97133}.Release|Any CPU.Build.0 = Release|Any CPU
		{AD149B7B-76D0-47E8-B515-8C1535A97133}.Release|Mixed Platforms.ActiveCfg = Release|Any CPU
		{AD149B7B-76D0-47E8-B515-8C1535A97133}.Release|Mixed Platforms.Build.0 = Release|Any CPU
		{AD149B7B-76D0-47E8-B515-8C1535A97133}.Release|x86.ActiveCfg = Release|x86
		{AD149B7B-76D0-47E8-B515-8C1535A97133}.Release|x86.Build.0 = Release|x86
		{AD149B7B-76D0-47E8-B515-8C1535A97133}.Releasex86|Any CPU.ActiveCfg = Releasex86|Any CPU
		{AD149B7B-76D0-47E8-B515-8C1535A97133}.Releasex86|Any CPU.Build.0 = Releasex86|Any CPU
		{AD149B7B-76D0-47E8-B515-8C1535A97133}.Releasex86|Mixed Platforms.ActiveCfg = Release|Any CPU
		{AD149B7B-76D0-47E8-B515-8C1535A97133}.Releasex86|Mixed Platforms.Build.0 = Release|Any CPU
		{AD149B7B-76D0-47E8-B515-8C1535A97133}.Releasex86|x86.ActiveCfg = Releasex86|x86
		{AD149B7B-76D0-47E8-B515-8C1535A97133}.Releasex86|x86.Build.0 = Releasex86|x86
		{5F160FC0-96C1-4E64-9A1B-FF3F2CD2563E}.Debug|Any CPU.ActiveCfg = Debug|Any CPU
		{5F160FC0-96C1-4E64-9A1B-FF3F2CD2563E}.Debug|Any CPU.Build.0 = Debug|Any CPU
		{5F160FC0-96C1-4E64-9A1B-FF3F2CD2563E}.Debug|Mixed Platforms.ActiveCfg = Debug|Any CPU
		{5F160FC0-96C1-4E64-9A1B-FF3F2CD2563E}.Debug|Mixed Platforms.Build.0 = Debug|Any CPU
		{5F160FC0-96C1-4E64-9A1B-FF3F2CD2563E}.Debug|x86.ActiveCfg = Debug|Any CPU
		{5F160FC0-96C1-4E64-9A1B-FF3F2CD2563E}.Debug|x86.Build.0 = Debug|Any CPU
		{5F160FC0-96C1-4E64-9A1B-FF3F2CD2563E}.Debugx86|Any CPU.ActiveCfg = Debugx86|Any CPU
		{5F160FC0-96C1-4E64-9A1B-FF3F2CD2563E}.Debugx86|Any CPU.Build.0 = Debugx86|Any CPU
		{5F160FC0-96C1-4E64-9A1B-FF3F2CD2563E}.Debugx86|Mixed Platforms.ActiveCfg = Debug|Any CPU
		{5F160FC0-96C1-4E64-9A1B-FF3F2CD2563E}.Debugx86|Mixed Platforms.Build.0 = Debug|Any CPU
		{5F160FC0-96C1-4E64-9A1B-FF3F2CD2563E}.Debugx86|x86.ActiveCfg = Debugx86|x86
		{5F160FC0-96C1-4E64-9A1B-FF3F2CD2563E}.Debugx86|x86.Build.0 = Debugx86|x86
		{5F160FC0-96C1-4E64-9A1B-FF3F2CD2563E}.Release|Any CPU.ActiveCfg = Release|Any CPU
		{5F160FC0-96C1-4E64-9A1B-FF3F2CD2563E}.Release|Any CPU.Build.0 = Release|Any CPU
		{5F160FC0-96C1-4E64-9A1B-FF3F2CD2563E}.Release|Mixed Platforms.ActiveCfg = Release|Any CPU
		{5F160FC0-96C1-4E64-9A1B-FF3F2CD2563E}.Release|Mixed Platforms.Build.0 = Release|Any CPU
		{5F160FC0-96C1-4E64-9A1B-FF3F2CD2563E}.Release|x86.ActiveCfg = Release|x86
		{5F160FC0-96C1-4E64-9A1B-FF3F2CD2563E}.Release|x86.Build.0 = Release|x86
		{5F160FC0-96C1-4E64-9A1B-FF3F2CD2563E}.Releasex86|Any CPU.ActiveCfg = Releasex86|Any CPU
		{5F160FC0-96C1-4E64-9A1B-FF3F2CD2563E}.Releasex86|Any CPU.Build.0 = Releasex86|Any CPU
		{5F160FC0-96C1-4E64-9A1B-FF3F2CD2563E}.Releasex86|Mixed Platforms.ActiveCfg = Release|Any CPU
		{5F160FC0-96C1-4E64-9A1B-FF3F2CD2563E}.Releasex86|Mixed Platforms.Build.0 = Release|Any CPU
		{5F160FC0-96C1-4E64-9A1B-FF3F2CD2563E}.Releasex86|x86.ActiveCfg = Releasex86|x86
		{5F160FC0-96C1-4E64-9A1B-FF3F2CD2563E}.Releasex86|x86.Build.0 = Releasex86|x86
		{763F9C63-066C-465B-BCBA-E9FF70120C8D}.Debug|Any CPU.ActiveCfg = Debug|Any CPU
		{763F9C63-066C-465B-BCBA-E9FF70120C8D}.Debug|Any CPU.Build.0 = Debug|Any CPU
		{763F9C63-066C-465B-BCBA-E9FF70120C8D}.Debug|Mixed Platforms.ActiveCfg = Debug|x86
		{763F9C63-066C-465B-BCBA-E9FF70120C8D}.Debug|Mixed Platforms.Build.0 = Debug|x86
		{763F9C63-066C-465B-BCBA-E9FF70120C8D}.Debug|x86.ActiveCfg = Debug|Any CPU
		{763F9C63-066C-465B-BCBA-E9FF70120C8D}.Debug|x86.Build.0 = Debug|Any CPU
		{763F9C63-066C-465B-BCBA-E9FF70120C8D}.Debugx86|Any CPU.ActiveCfg = Debugx86|Any CPU
		{763F9C63-066C-465B-BCBA-E9FF70120C8D}.Debugx86|Any CPU.Build.0 = Debugx86|Any CPU
		{763F9C63-066C-465B-BCBA-E9FF70120C8D}.Debugx86|Mixed Platforms.ActiveCfg = Debug|x86
		{763F9C63-066C-465B-BCBA-E9FF70120C8D}.Debugx86|Mixed Platforms.Build.0 = Debug|x86
		{763F9C63-066C-465B-BCBA-E9FF70120C8D}.Debugx86|x86.ActiveCfg = Debugx86|x86
		{763F9C63-066C-465B-BCBA-E9FF70120C8D}.Debugx86|x86.Build.0 = Debugx86|x86
		{763F9C63-066C-465B-BCBA-E9FF70120C8D}.Release|Any CPU.ActiveCfg = Release|Any CPU
		{763F9C63-066C-465B-BCBA-E9FF70120C8D}.Release|Any CPU.Build.0 = Release|Any CPU
		{763F9C63-066C-465B-BCBA-E9FF70120C8D}.Release|Mixed Platforms.ActiveCfg = Release|x86
		{763F9C63-066C-465B-BCBA-E9FF70120C8D}.Release|Mixed Platforms.Build.0 = Release|x86
		{763F9C63-066C-465B-BCBA-E9FF70120C8D}.Release|x86.ActiveCfg = Release|x86
		{763F9C63-066C-465B-BCBA-E9FF70120C8D}.Release|x86.Build.0 = Release|x86
		{763F9C63-066C-465B-BCBA-E9FF70120C8D}.Releasex86|Any CPU.ActiveCfg = Releasex86|Any CPU
		{763F9C63-066C-465B-BCBA-E9FF70120C8D}.Releasex86|Any CPU.Build.0 = Releasex86|Any CPU
		{763F9C63-066C-465B-BCBA-E9FF70120C8D}.Releasex86|Mixed Platforms.ActiveCfg = Release|x86
		{763F9C63-066C-465B-BCBA-E9FF70120C8D}.Releasex86|Mixed Platforms.Build.0 = Release|x86
		{763F9C63-066C-465B-BCBA-E9FF70120C8D}.Releasex86|x86.ActiveCfg = Releasex86|x86
		{763F9C63-066C-465B-BCBA-E9FF70120C8D}.Releasex86|x86.Build.0 = Releasex86|x86
		{017A2A83-A162-481C-8E63-B16A5866D7C4}.Debug|Any CPU.ActiveCfg = Debug|Any CPU
		{017A2A83-A162-481C-8E63-B16A5866D7C4}.Debug|Any CPU.Build.0 = Debug|Any CPU
		{017A2A83-A162-481C-8E63-B16A5866D7C4}.Debug|Mixed Platforms.ActiveCfg = Debug|x86
		{017A2A83-A162-481C-8E63-B16A5866D7C4}.Debug|Mixed Platforms.Build.0 = Debug|x86
		{017A2A83-A162-481C-8E63-B16A5866D7C4}.Debug|x86.ActiveCfg = Debug|Any CPU
		{017A2A83-A162-481C-8E63-B16A5866D7C4}.Debug|x86.Build.0 = Debug|Any CPU
		{017A2A83-A162-481C-8E63-B16A5866D7C4}.Debugx86|Any CPU.ActiveCfg = Debugx86|Any CPU
		{017A2A83-A162-481C-8E63-B16A5866D7C4}.Debugx86|Any CPU.Build.0 = Debugx86|Any CPU
		{017A2A83-A162-481C-8E63-B16A5866D7C4}.Debugx86|Mixed Platforms.ActiveCfg = Debug|x86
		{017A2A83-A162-481C-8E63-B16A5866D7C4}.Debugx86|Mixed Platforms.Build.0 = Debug|x86
		{017A2A83-A162-481C-8E63-B16A5866D7C4}.Debugx86|x86.ActiveCfg = Debugx86|x86
		{017A2A83-A162-481C-8E63-B16A5866D7C4}.Debugx86|x86.Build.0 = Debugx86|x86
		{017A2A83-A162-481C-8E63-B16A5866D7C4}.Release|Any CPU.ActiveCfg = Release|Any CPU
		{017A2A83-A162-481C-8E63-B16A5866D7C4}.Release|Any CPU.Build.0 = Release|Any CPU
		{017A2A83-A162-481C-8E63-B16A5866D7C4}.Release|Mixed Platforms.ActiveCfg = Release|x86
		{017A2A83-A162-481C-8E63-B16A5866D7C4}.Release|Mixed Platforms.Build.0 = Release|x86
		{017A2A83-A162-481C-8E63-B16A5866D7C4}.Release|x86.ActiveCfg = Release|x86
		{017A2A83-A162-481C-8E63-B16A5866D7C4}.Release|x86.Build.0 = Release|x86
		{017A2A83-A162-481C-8E63-B16A5866D7C4}.Releasex86|Any CPU.ActiveCfg = Releasex86|Any CPU
		{017A2A83-A162-481C-8E63-B16A5866D7C4}.Releasex86|Any CPU.Build.0 = Releasex86|Any CPU
		{017A2A83-A162-481C-8E63-B16A5866D7C4}.Releasex86|Mixed Platforms.ActiveCfg = Release|x86
		{017A2A83-A162-481C-8E63-B16A5866D7C4}.Releasex86|Mixed Platforms.Build.0 = Release|x86
		{017A2A83-A162-481C-8E63-B16A5866D7C4}.Releasex86|x86.ActiveCfg = Releasex86|x86
		{017A2A83-A162-481C-8E63-B16A5866D7C4}.Releasex86|x86.Build.0 = Releasex86|x86
		{880B3456-5C33-447A-A59E-EB43112D1A36}.Debug|Any CPU.ActiveCfg = Debug|Any CPU
		{880B3456-5C33-447A-A59E-EB43112D1A36}.Debug|Any CPU.Build.0 = Debug|Any CPU
		{880B3456-5C33-447A-A59E-EB43112D1A36}.Debug|Mixed Platforms.ActiveCfg = Debug|x86
		{880B3456-5C33-447A-A59E-EB43112D1A36}.Debug|Mixed Platforms.Build.0 = Debug|x86
		{880B3456-5C33-447A-A59E-EB43112D1A36}.Debug|x86.ActiveCfg = Debug|Any CPU
		{880B3456-5C33-447A-A59E-EB43112D1A36}.Debug|x86.Build.0 = Debug|Any CPU
		{880B3456-5C33-447A-A59E-EB43112D1A36}.Debugx86|Any CPU.ActiveCfg = Debugx86|Any CPU
		{880B3456-5C33-447A-A59E-EB43112D1A36}.Debugx86|Any CPU.Build.0 = Debugx86|Any CPU
		{880B3456-5C33-447A-A59E-EB43112D1A36}.Debugx86|Mixed Platforms.ActiveCfg = Debug|x86
		{880B3456-5C33-447A-A59E-EB43112D1A36}.Debugx86|Mixed Platforms.Build.0 = Debug|x86
		{880B3456-5C33-447A-A59E-EB43112D1A36}.Debugx86|x86.ActiveCfg = Debugx86|x86
		{880B3456-5C33-447A-A59E-EB43112D1A36}.Debugx86|x86.Build.0 = Debugx86|x86
		{880B3456-5C33-447A-A59E-EB43112D1A36}.Release|Any CPU.ActiveCfg = Release|Any CPU
		{880B3456-5C33-447A-A59E-EB43112D1A36}.Release|Any CPU.Build.0 = Release|Any CPU
		{880B3456-5C33-447A-A59E-EB43112D1A36}.Release|Mixed Platforms.ActiveCfg = Release|x86
		{880B3456-5C33-447A-A59E-EB43112D1A36}.Release|Mixed Platforms.Build.0 = Release|x86
		{880B3456-5C33-447A-A59E-EB43112D1A36}.Release|x86.ActiveCfg = Release|x86
		{880B3456-5C33-447A-A59E-EB43112D1A36}.Release|x86.Build.0 = Release|x86
		{880B3456-5C33-447A-A59E-EB43112D1A36}.Releasex86|Any CPU.ActiveCfg = Releasex86|Any CPU
		{880B3456-5C33-447A-A59E-EB43112D1A36}.Releasex86|Any CPU.Build.0 = Releasex86|Any CPU
		{880B3456-5C33-447A-A59E-EB43112D1A36}.Releasex86|Mixed Platforms.ActiveCfg = Release|x86
		{880B3456-5C33-447A-A59E-EB43112D1A36}.Releasex86|Mixed Platforms.Build.0 = Release|x86
		{880B3456-5C33-447A-A59E-EB43112D1A36}.Releasex86|x86.ActiveCfg = Releasex86|x86
		{880B3456-5C33-447A-A59E-EB43112D1A36}.Releasex86|x86.Build.0 = Releasex86|x86
		{0A008BBE-09BF-4D43-A66E-7F310531478B}.Debug|Any CPU.ActiveCfg = Debug|Any CPU
		{0A008BBE-09BF-4D43-A66E-7F310531478B}.Debug|Any CPU.Build.0 = Debug|Any CPU
		{0A008BBE-09BF-4D43-A66E-7F310531478B}.Debug|Mixed Platforms.ActiveCfg = Debug|Any CPU
		{0A008BBE-09BF-4D43-A66E-7F310531478B}.Debug|Mixed Platforms.Build.0 = Debug|Any CPU
		{0A008BBE-09BF-4D43-A66E-7F310531478B}.Debug|x86.ActiveCfg = Debug|Any CPU
		{0A008BBE-09BF-4D43-A66E-7F310531478B}.Debug|x86.Build.0 = Debug|Any CPU
		{0A008BBE-09BF-4D43-A66E-7F310531478B}.Debugx86|Any CPU.ActiveCfg = Debugx86|Any CPU
		{0A008BBE-09BF-4D43-A66E-7F310531478B}.Debugx86|Any CPU.Build.0 = Debugx86|Any CPU
		{0A008BBE-09BF-4D43-A66E-7F310531478B}.Debugx86|Mixed Platforms.ActiveCfg = Debug|Any CPU
		{0A008BBE-09BF-4D43-A66E-7F310531478B}.Debugx86|Mixed Platforms.Build.0 = Debug|Any CPU
		{0A008BBE-09BF-4D43-A66E-7F310531478B}.Debugx86|x86.ActiveCfg = Debugx86|x86
		{0A008BBE-09BF-4D43-A66E-7F310531478B}.Debugx86|x86.Build.0 = Debugx86|x86
		{0A008BBE-09BF-4D43-A66E-7F310531478B}.Release|Any CPU.ActiveCfg = Release|Any CPU
		{0A008BBE-09BF-4D43-A66E-7F310531478B}.Release|Any CPU.Build.0 = Release|Any CPU
		{0A008BBE-09BF-4D43-A66E-7F310531478B}.Release|Mixed Platforms.ActiveCfg = Release|Any CPU
		{0A008BBE-09BF-4D43-A66E-7F310531478B}.Release|Mixed Platforms.Build.0 = Release|Any CPU
		{0A008BBE-09BF-4D43-A66E-7F310531478B}.Release|x86.ActiveCfg = Release|x86
		{0A008BBE-09BF-4D43-A66E-7F310531478B}.Release|x86.Build.0 = Release|x86
		{0A008BBE-09BF-4D43-A66E-7F310531478B}.Releasex86|Any CPU.ActiveCfg = Releasex86|Any CPU
		{0A008BBE-09BF-4D43-A66E-7F310531478B}.Releasex86|Any CPU.Build.0 = Releasex86|Any CPU
		{0A008BBE-09BF-4D43-A66E-7F310531478B}.Releasex86|Mixed Platforms.ActiveCfg = Release|Any CPU
		{0A008BBE-09BF-4D43-A66E-7F310531478B}.Releasex86|Mixed Platforms.Build.0 = Release|Any CPU
		{0A008BBE-09BF-4D43-A66E-7F310531478B}.Releasex86|x86.ActiveCfg = Releasex86|x86
		{0A008BBE-09BF-4D43-A66E-7F310531478B}.Releasex86|x86.Build.0 = Releasex86|x86
		{50D583C3-E7F7-4127-A3C5-33F179D6AEA8}.Debug|Any CPU.ActiveCfg = Debug|Any CPU
		{50D583C3-E7F7-4127-A3C5-33F179D6AEA8}.Debug|Any CPU.Build.0 = Debug|Any CPU
		{50D583C3-E7F7-4127-A3C5-33F179D6AEA8}.Debug|Mixed Platforms.ActiveCfg = Debug|Any CPU
		{50D583C3-E7F7-4127-A3C5-33F179D6AEA8}.Debug|Mixed Platforms.Build.0 = Debug|Any CPU
		{50D583C3-E7F7-4127-A3C5-33F179D6AEA8}.Debug|x86.ActiveCfg = Debug|Any CPU
		{50D583C3-E7F7-4127-A3C5-33F179D6AEA8}.Debug|x86.Build.0 = Debug|Any CPU
		{50D583C3-E7F7-4127-A3C5-33F179D6AEA8}.Debugx86|Any CPU.ActiveCfg = Debugx86|Any CPU
		{50D583C3-E7F7-4127-A3C5-33F179D6AEA8}.Debugx86|Any CPU.Build.0 = Debugx86|Any CPU
		{50D583C3-E7F7-4127-A3C5-33F179D6AEA8}.Debugx86|Mixed Platforms.ActiveCfg = Debug|Any CPU
		{50D583C3-E7F7-4127-A3C5-33F179D6AEA8}.Debugx86|Mixed Platforms.Build.0 = Debug|Any CPU
		{50D583C3-E7F7-4127-A3C5-33F179D6AEA8}.Debugx86|x86.ActiveCfg = Debugx86|x86
		{50D583C3-E7F7-4127-A3C5-33F179D6AEA8}.Debugx86|x86.Build.0 = Debugx86|x86
		{50D583C3-E7F7-4127-A3C5-33F179D6AEA8}.Release|Any CPU.ActiveCfg = Release|Any CPU
		{50D583C3-E7F7-4127-A3C5-33F179D6AEA8}.Release|Any CPU.Build.0 = Release|Any CPU
		{50D583C3-E7F7-4127-A3C5-33F179D6AEA8}.Release|Mixed Platforms.ActiveCfg = Release|Any CPU
		{50D583C3-E7F7-4127-A3C5-33F179D6AEA8}.Release|Mixed Platforms.Build.0 = Release|Any CPU
		{50D583C3-E7F7-4127-A3C5-33F179D6AEA8}.Release|x86.ActiveCfg = Release|x86
		{50D583C3-E7F7-4127-A3C5-33F179D6AEA8}.Release|x86.Build.0 = Release|x86
		{50D583C3-E7F7-4127-A3C5-33F179D6AEA8}.Releasex86|Any CPU.ActiveCfg = Releasex86|Any CPU
		{50D583C3-E7F7-4127-A3C5-33F179D6AEA8}.Releasex86|Any CPU.Build.0 = Releasex86|Any CPU
		{50D583C3-E7F7-4127-A3C5-33F179D6AEA8}.Releasex86|Mixed Platforms.ActiveCfg = Release|Any CPU
		{50D583C3-E7F7-4127-A3C5-33F179D6AEA8}.Releasex86|Mixed Platforms.Build.0 = Release|Any CPU
		{50D583C3-E7F7-4127-A3C5-33F179D6AEA8}.Releasex86|x86.ActiveCfg = Releasex86|x86
		{50D583C3-E7F7-4127-A3C5-33F179D6AEA8}.Releasex86|x86.Build.0 = Releasex86|x86
		{DF49E289-D88D-4985-9957-9CEA8D29C8A1}.Debug|Any CPU.ActiveCfg = Debug|Any CPU
		{DF49E289-D88D-4985-9957-9CEA8D29C8A1}.Debug|Any CPU.Build.0 = Debug|Any CPU
		{DF49E289-D88D-4985-9957-9CEA8D29C8A1}.Debug|Mixed Platforms.ActiveCfg = Debug|x86
		{DF49E289-D88D-4985-9957-9CEA8D29C8A1}.Debug|Mixed Platforms.Build.0 = Debug|x86
		{DF49E289-D88D-4985-9957-9CEA8D29C8A1}.Debug|x86.ActiveCfg = Debug|Any CPU
		{DF49E289-D88D-4985-9957-9CEA8D29C8A1}.Debug|x86.Build.0 = Debug|Any CPU
		{DF49E289-D88D-4985-9957-9CEA8D29C8A1}.Debugx86|Any CPU.ActiveCfg = Debugx86|Any CPU
		{DF49E289-D88D-4985-9957-9CEA8D29C8A1}.Debugx86|Any CPU.Build.0 = Debugx86|Any CPU
		{DF49E289-D88D-4985-9957-9CEA8D29C8A1}.Debugx86|Mixed Platforms.ActiveCfg = Debug|x86
		{DF49E289-D88D-4985-9957-9CEA8D29C8A1}.Debugx86|Mixed Platforms.Build.0 = Debug|x86
		{DF49E289-D88D-4985-9957-9CEA8D29C8A1}.Debugx86|x86.ActiveCfg = Debugx86|x86
		{DF49E289-D88D-4985-9957-9CEA8D29C8A1}.Debugx86|x86.Build.0 = Debugx86|x86
		{DF49E289-D88D-4985-9957-9CEA8D29C8A1}.Release|Any CPU.ActiveCfg = Release|Any CPU
		{DF49E289-D88D-4985-9957-9CEA8D29C8A1}.Release|Any CPU.Build.0 = Release|Any CPU
		{DF49E289-D88D-4985-9957-9CEA8D29C8A1}.Release|Mixed Platforms.ActiveCfg = Release|x86
		{DF49E289-D88D-4985-9957-9CEA8D29C8A1}.Release|Mixed Platforms.Build.0 = Release|x86
		{DF49E289-D88D-4985-9957-9CEA8D29C8A1}.Release|x86.ActiveCfg = Release|x86
		{DF49E289-D88D-4985-9957-9CEA8D29C8A1}.Release|x86.Build.0 = Release|x86
		{DF49E289-D88D-4985-9957-9CEA8D29C8A1}.Releasex86|Any CPU.ActiveCfg = Releasex86|Any CPU
		{DF49E289-D88D-4985-9957-9CEA8D29C8A1}.Releasex86|Any CPU.Build.0 = Releasex86|Any CPU
		{DF49E289-D88D-4985-9957-9CEA8D29C8A1}.Releasex86|Mixed Platforms.ActiveCfg = Release|x86
		{DF49E289-D88D-4985-9957-9CEA8D29C8A1}.Releasex86|Mixed Platforms.Build.0 = Release|x86
		{DF49E289-D88D-4985-9957-9CEA8D29C8A1}.Releasex86|x86.ActiveCfg = Releasex86|x86
		{DF49E289-D88D-4985-9957-9CEA8D29C8A1}.Releasex86|x86.Build.0 = Releasex86|x86
		{23FB9B49-D6DA-491F-BD0F-693766CACA70}.Debug|Any CPU.ActiveCfg = Debug|Any CPU
		{23FB9B49-D6DA-491F-BD0F-693766CACA70}.Debug|Any CPU.Build.0 = Debug|Any CPU
		{23FB9B49-D6DA-491F-BD0F-693766CACA70}.Debug|Mixed Platforms.ActiveCfg = Debug|x86
		{23FB9B49-D6DA-491F-BD0F-693766CACA70}.Debug|Mixed Platforms.Build.0 = Debug|x86
		{23FB9B49-D6DA-491F-BD0F-693766CACA70}.Debug|x86.ActiveCfg = Debug|Any CPU
		{23FB9B49-D6DA-491F-BD0F-693766CACA70}.Debug|x86.Build.0 = Debug|Any CPU
		{23FB9B49-D6DA-491F-BD0F-693766CACA70}.Debugx86|Any CPU.ActiveCfg = Debugx86|Any CPU
		{23FB9B49-D6DA-491F-BD0F-693766CACA70}.Debugx86|Any CPU.Build.0 = Debugx86|Any CPU
		{23FB9B49-D6DA-491F-BD0F-693766CACA70}.Debugx86|Mixed Platforms.ActiveCfg = Debugx86|x86
		{23FB9B49-D6DA-491F-BD0F-693766CACA70}.Debugx86|Mixed Platforms.Build.0 = Debugx86|x86
		{23FB9B49-D6DA-491F-BD0F-693766CACA70}.Debugx86|x86.ActiveCfg = Debugx86|x86
		{23FB9B49-D6DA-491F-BD0F-693766CACA70}.Debugx86|x86.Build.0 = Debugx86|x86
		{23FB9B49-D6DA-491F-BD0F-693766CACA70}.Release|Any CPU.ActiveCfg = Release|Any CPU
		{23FB9B49-D6DA-491F-BD0F-693766CACA70}.Release|Any CPU.Build.0 = Release|Any CPU
		{23FB9B49-D6DA-491F-BD0F-693766CACA70}.Release|Mixed Platforms.ActiveCfg = Release|x86
		{23FB9B49-D6DA-491F-BD0F-693766CACA70}.Release|Mixed Platforms.Build.0 = Release|x86
		{23FB9B49-D6DA-491F-BD0F-693766CACA70}.Release|x86.ActiveCfg = Release|x86
		{23FB9B49-D6DA-491F-BD0F-693766CACA70}.Release|x86.Build.0 = Release|x86
		{23FB9B49-D6DA-491F-BD0F-693766CACA70}.Releasex86|Any CPU.ActiveCfg = Releasex86|Any CPU
		{23FB9B49-D6DA-491F-BD0F-693766CACA70}.Releasex86|Any CPU.Build.0 = Releasex86|Any CPU
		{23FB9B49-D6DA-491F-BD0F-693766CACA70}.Releasex86|Mixed Platforms.ActiveCfg = Releasex86|x86
		{23FB9B49-D6DA-491F-BD0F-693766CACA70}.Releasex86|Mixed Platforms.Build.0 = Releasex86|x86
		{23FB9B49-D6DA-491F-BD0F-693766CACA70}.Releasex86|x86.ActiveCfg = Releasex86|x86
		{23FB9B49-D6DA-491F-BD0F-693766CACA70}.Releasex86|x86.Build.0 = Releasex86|x86
	EndGlobalSection
	GlobalSection(SolutionProperties) = preSolution
		HideSolutionNode = FALSE
	EndGlobalSection
	GlobalSection(NestedProjects) = preSolution
		{31895690-9116-4F8B-A161-AA9BE4634E8C} = {3390969F-59BA-4B6C-BB97-C766FC49AA33}
		{B8F0DF87-A53E-4B9D-B572-05920FA5AC23} = {3390969F-59BA-4B6C-BB97-C766FC49AA33}
		{CA5E5E6F-36AA-4186-85C7-38F8CD281577} = {3390969F-59BA-4B6C-BB97-C766FC49AA33}
		{CBD15356-F170-4551-8DCA-BED784C95ECA} = {3390969F-59BA-4B6C-BB97-C766FC49AA33}
		{05B392A0-1260-4BB1-9106-2C6B7F55E035} = {9C73EB9E-6586-4D22-9847-64CCDC277993}
		{23FB9B49-D6DA-491F-BD0F-693766CACA70} = {9C73EB9E-6586-4D22-9847-64CCDC277993}
		{A9C67C32-97BE-4BDA-BA39-56BE7AC5C829} = {E0E7636B-533D-457C-8273-CCF6E429C337}
		{8D8D2AA1-C7F9-4AF0-93E8-94FF43C0D404} = {E0E7636B-533D-457C-8273-CCF6E429C337}
		{EACD58AC-5525-4BA7-8290-32831ED57FED} = {E0E7636B-533D-457C-8273-CCF6E429C337}
		{968C3DD8-21FC-46C0-AE69-70D5D1734A0F} = {E0E7636B-533D-457C-8273-CCF6E429C337}
		{69559BB1-2F90-4BC4-8151-6398D455622E} = {E0E7636B-533D-457C-8273-CCF6E429C337}
		{A5AA70DA-8B23-492F-872A-C5E9F2A04C58} = {E0E7636B-533D-457C-8273-CCF6E429C337}
		{BF8820B7-62EB-4203-8D31-171D8FF79A3B} = {E0E7636B-533D-457C-8273-CCF6E429C337}
		{33D0DDCF-9ACA-46C6-A76E-2D81B1E79B54} = {E0E7636B-533D-457C-8273-CCF6E429C337}
		{EFB76A31-3D03-4244-B8D7-378808F4E5A2} = {E0E7636B-533D-457C-8273-CCF6E429C337}
		{318972B9-0FD8-409A-BAB8-B8953564C50E} = {E0E7636B-533D-457C-8273-CCF6E429C337}
		{E780834F-6278-4DD9-80EA-FC7C25361137} = {E0E7636B-533D-457C-8273-CCF6E429C337}
		{CC2D0E7B-0476-4D95-AAC9-5F903A095507} = {E0E7636B-533D-457C-8273-CCF6E429C337}
		{49AF6CA8-8345-42E8-BCC1-EA75FF88D210} = {8A652034-A19E-48C5-9A54-B9BD43E7BEFB}
		{6620EEBE-3816-4421-8BAE-4AA1F1EBA62A} = {8A652034-A19E-48C5-9A54-B9BD43E7BEFB}
		{4D15BBC4-7BE8-428D-9CFB-60A502DB0007} = {8A652034-A19E-48C5-9A54-B9BD43E7BEFB}
		{7D331B75-25F3-48B3-BD89-E1287F74CD04} = {8A652034-A19E-48C5-9A54-B9BD43E7BEFB}
		{2EC42281-631A-4005-97B1-6224D9DDACFC} = {8A652034-A19E-48C5-9A54-B9BD43E7BEFB}
		{EC05B9B7-B29A-426B-ADA5-6EFE7694323C} = {CA5E5E6F-36AA-4186-85C7-38F8CD281577}
		{96F23159-6F46-492A-ABA0-8E97B00556C3} = {CA5E5E6F-36AA-4186-85C7-38F8CD281577}
		{2062883E-00AA-4F50-87DD-CEF6FC18C602} = {CA5E5E6F-36AA-4186-85C7-38F8CD281577}
		{FE0F2536-B811-4190-AC56-3E5FAF3FDB80} = {CA5E5E6F-36AA-4186-85C7-38F8CD281577}
		{5F160FC0-96C1-4E64-9A1B-FF3F2CD2563E} = {EC05B9B7-B29A-426B-ADA5-6EFE7694323C}
		{AD149B7B-76D0-47E8-B515-8C1535A97133} = {96F23159-6F46-492A-ABA0-8E97B00556C3}
		{763F9C63-066C-465B-BCBA-E9FF70120C8D} = {2062883E-00AA-4F50-87DD-CEF6FC18C602}
		{DF49E289-D88D-4985-9957-9CEA8D29C8A1} = {2062883E-00AA-4F50-87DD-CEF6FC18C602}
		{017A2A83-A162-481C-8E63-B16A5866D7C4} = {FE0F2536-B811-4190-AC56-3E5FAF3FDB80}
		{E306E93A-99FE-4B07-A481-7FD6F0353A44} = {CBD15356-F170-4551-8DCA-BED784C95ECA}
		{19600594-641C-4300-A255-3A0ACD62F1CC} = {CBD15356-F170-4551-8DCA-BED784C95ECA}
		{977F0E73-A202-4225-879F-C861233922E8} = {CBD15356-F170-4551-8DCA-BED784C95ECA}
		{50D583C3-E7F7-4127-A3C5-33F179D6AEA8} = {E306E93A-99FE-4B07-A481-7FD6F0353A44}
		{0A008BBE-09BF-4D43-A66E-7F310531478B} = {19600594-641C-4300-A255-3A0ACD62F1CC}
		{880B3456-5C33-447A-A59E-EB43112D1A36} = {977F0E73-A202-4225-879F-C861233922E8}
	EndGlobalSection
	GlobalSection(ExtensibilityGlobals) = postSolution
		EnterpriseLibraryConfigurationToolBinariesPath = packages\Unity.2.1.505.2\lib\NET35;packages\Unity.Interception.2.1.505.2\lib\NET35
	EndGlobalSection
EndGlobal
